// !$*UTF8*$!
{
	archiveVersion = 1;
	classes = {
	};
	objectVersion = 46;
	objects = {

/* Begin PBXBuildFile section */
		470069EF19A90A2D0092604F /* SHMapViewController.m in Sources */ = {isa = PBXBuildFile; fileRef = 470069ED19A90A2D0092604F /* SHMapViewController.m */; };
		470069F019A90A2D0092604F /* SHMapViewController.xib in Resources */ = {isa = PBXBuildFile; fileRef = 470069EE19A90A2D0092604F /* SHMapViewController.xib */; };
		476EA97219A7FCB8004BC6B1 /* Foundation.framework in Frameworks */ = {isa = PBXBuildFile; fileRef = 476EA97119A7FCB8004BC6B1 /* Foundation.framework */; };
		476EA97419A7FCB8004BC6B1 /* CoreGraphics.framework in Frameworks */ = {isa = PBXBuildFile; fileRef = 476EA97319A7FCB8004BC6B1 /* CoreGraphics.framework */; };
		476EA97619A7FCB8004BC6B1 /* UIKit.framework in Frameworks */ = {isa = PBXBuildFile; fileRef = 476EA97519A7FCB8004BC6B1 /* UIKit.framework */; };
		476EA97C19A7FCB8004BC6B1 /* InfoPlist.strings in Resources */ = {isa = PBXBuildFile; fileRef = 476EA97A19A7FCB8004BC6B1 /* InfoPlist.strings */; };
		476EA97E19A7FCB8004BC6B1 /* main.m in Sources */ = {isa = PBXBuildFile; fileRef = 476EA97D19A7FCB8004BC6B1 /* main.m */; };
		476EA98219A7FCB8004BC6B1 /* SHAppDelegate.m in Sources */ = {isa = PBXBuildFile; fileRef = 476EA98119A7FCB8004BC6B1 /* SHAppDelegate.m */; };
		476EA98519A7FCB8004BC6B1 /* Main.storyboard in Resources */ = {isa = PBXBuildFile; fileRef = 476EA98319A7FCB8004BC6B1 /* Main.storyboard */; };
		476EA98A19A7FCB8004BC6B1 /* Images.xcassets in Resources */ = {isa = PBXBuildFile; fileRef = 476EA98919A7FCB8004BC6B1 /* Images.xcassets */; };
		476EA99119A7FCB9004BC6B1 /* XCTest.framework in Frameworks */ = {isa = PBXBuildFile; fileRef = 476EA99019A7FCB9004BC6B1 /* XCTest.framework */; };
		476EA99219A7FCB9004BC6B1 /* Foundation.framework in Frameworks */ = {isa = PBXBuildFile; fileRef = 476EA97119A7FCB8004BC6B1 /* Foundation.framework */; };
		476EA99319A7FCB9004BC6B1 /* UIKit.framework in Frameworks */ = {isa = PBXBuildFile; fileRef = 476EA97519A7FCB8004BC6B1 /* UIKit.framework */; };
		476EA99B19A7FCB9004BC6B1 /* InfoPlist.strings in Resources */ = {isa = PBXBuildFile; fileRef = 476EA99919A7FCB9004BC6B1 /* InfoPlist.strings */; };
		476EA99D19A7FCB9004BC6B1 /* Scavenger_HuntTests.m in Sources */ = {isa = PBXBuildFile; fileRef = 476EA99C19A7FCB9004BC6B1 /* Scavenger_HuntTests.m */; };
		476EA9A719A7FD25004BC6B1 /* GoogleMaps.framework in Frameworks */ = {isa = PBXBuildFile; fileRef = 476EA9A619A7FD25004BC6B1 /* GoogleMaps.framework */; };
		476EA9A919A7FD50004BC6B1 /* GoogleMaps.bundle in Resources */ = {isa = PBXBuildFile; fileRef = 476EA9A819A7FD50004BC6B1 /* GoogleMaps.bundle */; };
		476EA9AB19A7FD91004BC6B1 /* AVFoundation.framework in Frameworks */ = {isa = PBXBuildFile; fileRef = 476EA9AA19A7FD91004BC6B1 /* AVFoundation.framework */; };
		476EA9AD19A7FD97004BC6B1 /* CoreData.framework in Frameworks */ = {isa = PBXBuildFile; fileRef = 476EA9AC19A7FD97004BC6B1 /* CoreData.framework */; };
		476EA9AF19A7FD9C004BC6B1 /* CoreLocation.framework in Frameworks */ = {isa = PBXBuildFile; fileRef = 476EA9AE19A7FD9C004BC6B1 /* CoreLocation.framework */; };
		476EA9B119A7FDA1004BC6B1 /* GLKit.framework in Frameworks */ = {isa = PBXBuildFile; fileRef = 476EA9B019A7FDA1004BC6B1 /* GLKit.framework */; };
		476EA9B319A7FDA8004BC6B1 /* ImageIO.framework in Frameworks */ = {isa = PBXBuildFile; fileRef = 476EA9B219A7FDA8004BC6B1 /* ImageIO.framework */; };
		476EA9B519A7FDB2004BC6B1 /* libc++.dylib in Frameworks */ = {isa = PBXBuildFile; fileRef = 476EA9B419A7FDB2004BC6B1 /* libc++.dylib */; };
		476EA9B719A7FDBB004BC6B1 /* libicucore.dylib in Frameworks */ = {isa = PBXBuildFile; fileRef = 476EA9B619A7FDBB004BC6B1 /* libicucore.dylib */; };
		476EA9B919A7FDBF004BC6B1 /* libz.dylib in Frameworks */ = {isa = PBXBuildFile; fileRef = 476EA9B819A7FDBF004BC6B1 /* libz.dylib */; };
		476EA9BB19A7FDC6004BC6B1 /* OpenGLES.framework in Frameworks */ = {isa = PBXBuildFile; fileRef = 476EA9BA19A7FDC6004BC6B1 /* OpenGLES.framework */; };
		476EA9BD19A7FDCB004BC6B1 /* QuartzCore.framework in Frameworks */ = {isa = PBXBuildFile; fileRef = 476EA9BC19A7FDCB004BC6B1 /* QuartzCore.framework */; };
		476EA9BF19A7FDD1004BC6B1 /* SystemConfiguration.framework in Frameworks */ = {isa = PBXBuildFile; fileRef = 476EA9BE19A7FDD1004BC6B1 /* SystemConfiguration.framework */; };
		476EA9C119A7FDDE004BC6B1 /* CoreText.framework in Frameworks */ = {isa = PBXBuildFile; fileRef = 476EA9C019A7FDDE004BC6B1 /* CoreText.framework */; };
		47F1523219A93F5C006FCEDD /* Badge.m in Sources */ = {isa = PBXBuildFile; fileRef = 47F1523119A93F5C006FCEDD /* Badge.m */; };
		47F1523519A944E4006FCEDD /* BadgeManager.m in Sources */ = {isa = PBXBuildFile; fileRef = 47F1523419A944E4006FCEDD /* BadgeManager.m */; };
		47F1523F19A95145006FCEDD /* Xueba_help_me_AS_Notes.png in Resources */ = {isa = PBXBuildFile; fileRef = 47F1523719A95145006FCEDD /* Xueba_help_me_AS_Notes.png */; };
		47F1524019A95145006FCEDD /* Sun_god_hug.png in Resources */ = {isa = PBXBuildFile; fileRef = 47F1523819A95145006FCEDD /* Sun_god_hug.png */; };
		47F1524119A95145006FCEDD /* Stone_bear.png in Resources */ = {isa = PBXBuildFile; fileRef = 47F1523919A95145006FCEDD /* Stone_bear.png */; };
		47F1524219A95145006FCEDD /* Home_for_4_years_Geisel.png in Resources */ = {isa = PBXBuildFile; fileRef = 47F1523A19A95145006FCEDD /* Home_for_4_years_Geisel.png */; };
		47F1524319A95145006FCEDD /* Fallen_Star.png in Resources */ = {isa = PBXBuildFile; fileRef = 47F1523B19A95145006FCEDD /* Fallen_Star.png */; };
		47F1524419A95145006FCEDD /* Big_red_chair.png in Resources */ = {isa = PBXBuildFile; fileRef = 47F1523C19A95145006FCEDD /* Big_red_chair.png */; };
		47F1524519A95145006FCEDD /* Before_you_die.png in Resources */ = {isa = PBXBuildFile; fileRef = 47F1523D19A95145006FCEDD /* Before_you_die.png */; };
		47F1524619A95145006FCEDD /* A_bite_of_Mexico_Goodies.png in Resources */ = {isa = PBXBuildFile; fileRef = 47F1523E19A95145006FCEDD /* A_bite_of_Mexico_Goodies.png */; };
		47F1524819A9534D006FCEDD /* UC_Sea_ovt.png in Resources */ = {isa = PBXBuildFile; fileRef = 47F1524719A9534D006FCEDD /* UC_Sea_ovt.png */; };
		47F1524A19B3B37E006FCEDD /* JobHunter_Career_center.png in Resources */ = {isa = PBXBuildFile; fileRef = 47F1524919B3B37E006FCEDD /* JobHunter_Career_center.png */; };
		523BBDB019EB1428006FABC8 /* LoginViewController.m in Sources */ = {isa = PBXBuildFile; fileRef = 523BBDAF19EB1428006FABC8 /* LoginViewController.m */; };
/* End PBXBuildFile section */

/* Begin PBXContainerItemProxy section */
		476EA99419A7FCB9004BC6B1 /* PBXContainerItemProxy */ = {
			isa = PBXContainerItemProxy;
			containerPortal = 476EA96619A7FCB8004BC6B1 /* Project object */;
			proxyType = 1;
			remoteGlobalIDString = 476EA96D19A7FCB8004BC6B1;
			remoteInfo = "Scavenger Hunt";
		};
/* End PBXContainerItemProxy section */

/* Begin PBXFileReference section */
		470069EC19A90A2D0092604F /* SHMapViewController.h */ = {isa = PBXFileReference; fileEncoding = 4; lastKnownFileType = sourcecode.c.h; name = SHMapViewController.h; path = "Scavenger Hunt/SHMapViewController.h"; sourceTree = "<group>"; };
		470069ED19A90A2D0092604F /* SHMapViewController.m */ = {isa = PBXFileReference; fileEncoding = 4; lastKnownFileType = sourcecode.c.objc; name = SHMapViewController.m; path = "Scavenger Hunt/SHMapViewController.m"; sourceTree = "<group>"; };
		470069EE19A90A2D0092604F /* SHMapViewController.xib */ = {isa = PBXFileReference; fileEncoding = 4; lastKnownFileType = file.xib; name = SHMapViewController.xib; path = "Scavenger Hunt/SHMapViewController.xib"; sourceTree = "<group>"; };
		476EA96E19A7FCB8004BC6B1 /* Scavenger Hunt.app */ = {isa = PBXFileReference; explicitFileType = wrapper.application; includeInIndex = 0; path = "Scavenger Hunt.app"; sourceTree = BUILT_PRODUCTS_DIR; };
		476EA97119A7FCB8004BC6B1 /* Foundation.framework */ = {isa = PBXFileReference; lastKnownFileType = wrapper.framework; name = Foundation.framework; path = System/Library/Frameworks/Foundation.framework; sourceTree = SDKROOT; };
		476EA97319A7FCB8004BC6B1 /* CoreGraphics.framework */ = {isa = PBXFileReference; lastKnownFileType = wrapper.framework; name = CoreGraphics.framework; path = System/Library/Frameworks/CoreGraphics.framework; sourceTree = SDKROOT; };
		476EA97519A7FCB8004BC6B1 /* UIKit.framework */ = {isa = PBXFileReference; lastKnownFileType = wrapper.framework; name = UIKit.framework; path = System/Library/Frameworks/UIKit.framework; sourceTree = SDKROOT; };
		476EA97919A7FCB8004BC6B1 /* Scavenger Hunt-Info.plist */ = {isa = PBXFileReference; lastKnownFileType = text.plist.xml; path = "Scavenger Hunt-Info.plist"; sourceTree = "<group>"; };
		476EA97B19A7FCB8004BC6B1 /* en */ = {isa = PBXFileReference; lastKnownFileType = text.plist.strings; name = en; path = en.lproj/InfoPlist.strings; sourceTree = "<group>"; };
		476EA97D19A7FCB8004BC6B1 /* main.m */ = {isa = PBXFileReference; lastKnownFileType = sourcecode.c.objc; path = main.m; sourceTree = "<group>"; };
		476EA97F19A7FCB8004BC6B1 /* Scavenger Hunt-Prefix.pch */ = {isa = PBXFileReference; lastKnownFileType = sourcecode.c.h; path = "Scavenger Hunt-Prefix.pch"; sourceTree = "<group>"; };
		476EA98019A7FCB8004BC6B1 /* SHAppDelegate.h */ = {isa = PBXFileReference; lastKnownFileType = sourcecode.c.h; path = SHAppDelegate.h; sourceTree = "<group>"; };
		476EA98119A7FCB8004BC6B1 /* SHAppDelegate.m */ = {isa = PBXFileReference; lastKnownFileType = sourcecode.c.objc; path = SHAppDelegate.m; sourceTree = "<group>"; };
		476EA98419A7FCB8004BC6B1 /* Base */ = {isa = PBXFileReference; lastKnownFileType = file.storyboard; name = Base; path = Base.lproj/Main.storyboard; sourceTree = "<group>"; };
		476EA98919A7FCB8004BC6B1 /* Images.xcassets */ = {isa = PBXFileReference; lastKnownFileType = folder.assetcatalog; path = Images.xcassets; sourceTree = "<group>"; };
		476EA98F19A7FCB9004BC6B1 /* Scavenger HuntTests.xctest */ = {isa = PBXFileReference; explicitFileType = wrapper.cfbundle; includeInIndex = 0; path = "Scavenger HuntTests.xctest"; sourceTree = BUILT_PRODUCTS_DIR; };
		476EA99019A7FCB9004BC6B1 /* XCTest.framework */ = {isa = PBXFileReference; lastKnownFileType = wrapper.framework; name = XCTest.framework; path = Library/Frameworks/XCTest.framework; sourceTree = DEVELOPER_DIR; };
		476EA99819A7FCB9004BC6B1 /* Scavenger HuntTests-Info.plist */ = {isa = PBXFileReference; lastKnownFileType = text.plist.xml; path = "Scavenger HuntTests-Info.plist"; sourceTree = "<group>"; };
		476EA99A19A7FCB9004BC6B1 /* en */ = {isa = PBXFileReference; lastKnownFileType = text.plist.strings; name = en; path = en.lproj/InfoPlist.strings; sourceTree = "<group>"; };
		476EA99C19A7FCB9004BC6B1 /* Scavenger_HuntTests.m */ = {isa = PBXFileReference; lastKnownFileType = sourcecode.c.objc; path = Scavenger_HuntTests.m; sourceTree = "<group>"; };
		476EA9A619A7FD25004BC6B1 /* GoogleMaps.framework */ = {isa = PBXFileReference; lastKnownFileType = wrapper.framework; path = GoogleMaps.framework; sourceTree = "<group>"; };
		476EA9A819A7FD50004BC6B1 /* GoogleMaps.bundle */ = {isa = PBXFileReference; lastKnownFileType = "wrapper.plug-in"; name = GoogleMaps.bundle; path = GoogleMaps.framework/Versions/A/Resources/GoogleMaps.bundle; sourceTree = "<group>"; };
		476EA9AA19A7FD91004BC6B1 /* AVFoundation.framework */ = {isa = PBXFileReference; lastKnownFileType = wrapper.framework; name = AVFoundation.framework; path = System/Library/Frameworks/AVFoundation.framework; sourceTree = SDKROOT; };
		476EA9AC19A7FD97004BC6B1 /* CoreData.framework */ = {isa = PBXFileReference; lastKnownFileType = wrapper.framework; name = CoreData.framework; path = System/Library/Frameworks/CoreData.framework; sourceTree = SDKROOT; };
		476EA9AE19A7FD9C004BC6B1 /* CoreLocation.framework */ = {isa = PBXFileReference; lastKnownFileType = wrapper.framework; name = CoreLocation.framework; path = System/Library/Frameworks/CoreLocation.framework; sourceTree = SDKROOT; };
		476EA9B019A7FDA1004BC6B1 /* GLKit.framework */ = {isa = PBXFileReference; lastKnownFileType = wrapper.framework; name = GLKit.framework; path = System/Library/Frameworks/GLKit.framework; sourceTree = SDKROOT; };
		476EA9B219A7FDA8004BC6B1 /* ImageIO.framework */ = {isa = PBXFileReference; lastKnownFileType = wrapper.framework; name = ImageIO.framework; path = System/Library/Frameworks/ImageIO.framework; sourceTree = SDKROOT; };
		476EA9B419A7FDB2004BC6B1 /* libc++.dylib */ = {isa = PBXFileReference; lastKnownFileType = "compiled.mach-o.dylib"; name = "libc++.dylib"; path = "usr/lib/libc++.dylib"; sourceTree = SDKROOT; };
		476EA9B619A7FDBB004BC6B1 /* libicucore.dylib */ = {isa = PBXFileReference; lastKnownFileType = "compiled.mach-o.dylib"; name = libicucore.dylib; path = usr/lib/libicucore.dylib; sourceTree = SDKROOT; };
		476EA9B819A7FDBF004BC6B1 /* libz.dylib */ = {isa = PBXFileReference; lastKnownFileType = "compiled.mach-o.dylib"; name = libz.dylib; path = usr/lib/libz.dylib; sourceTree = SDKROOT; };
		476EA9BA19A7FDC6004BC6B1 /* OpenGLES.framework */ = {isa = PBXFileReference; lastKnownFileType = wrapper.framework; name = OpenGLES.framework; path = System/Library/Frameworks/OpenGLES.framework; sourceTree = SDKROOT; };
		476EA9BC19A7FDCB004BC6B1 /* QuartzCore.framework */ = {isa = PBXFileReference; lastKnownFileType = wrapper.framework; name = QuartzCore.framework; path = System/Library/Frameworks/QuartzCore.framework; sourceTree = SDKROOT; };
		476EA9BE19A7FDD1004BC6B1 /* SystemConfiguration.framework */ = {isa = PBXFileReference; lastKnownFileType = wrapper.framework; name = SystemConfiguration.framework; path = System/Library/Frameworks/SystemConfiguration.framework; sourceTree = SDKROOT; };
		476EA9C019A7FDDE004BC6B1 /* CoreText.framework */ = {isa = PBXFileReference; lastKnownFileType = wrapper.framework; name = CoreText.framework; path = System/Library/Frameworks/CoreText.framework; sourceTree = SDKROOT; };
		47F1523019A93F5C006FCEDD /* Badge.h */ = {isa = PBXFileReference; fileEncoding = 4; lastKnownFileType = sourcecode.c.h; name = Badge.h; path = "Scavenger Hunt/Badge.h"; sourceTree = "<group>"; };
		47F1523119A93F5C006FCEDD /* Badge.m */ = {isa = PBXFileReference; fileEncoding = 4; lastKnownFileType = sourcecode.c.objc; name = Badge.m; path = "Scavenger Hunt/Badge.m"; sourceTree = "<group>"; };
		47F1523319A944E4006FCEDD /* BadgeManager.h */ = {isa = PBXFileReference; fileEncoding = 4; lastKnownFileType = sourcecode.c.h; name = BadgeManager.h; path = "Scavenger Hunt/BadgeManager.h"; sourceTree = "<group>"; };
		47F1523419A944E4006FCEDD /* BadgeManager.m */ = {isa = PBXFileReference; fileEncoding = 4; lastKnownFileType = sourcecode.c.objc; name = BadgeManager.m; path = "Scavenger Hunt/BadgeManager.m"; sourceTree = "<group>"; };
		47F1523719A95145006FCEDD /* Xueba_help_me_AS_Notes.png */ = {isa = PBXFileReference; lastKnownFileType = image.png; path = Xueba_help_me_AS_Notes.png; sourceTree = "<group>"; };
		47F1523819A95145006FCEDD /* Sun_god_hug.png */ = {isa = PBXFileReference; lastKnownFileType = image.png; path = Sun_god_hug.png; sourceTree = "<group>"; };
		47F1523919A95145006FCEDD /* Stone_bear.png */ = {isa = PBXFileReference; lastKnownFileType = image.png; path = Stone_bear.png; sourceTree = "<group>"; };
		47F1523A19A95145006FCEDD /* Home_for_4_years_Geisel.png */ = {isa = PBXFileReference; lastKnownFileType = image.png; path = Home_for_4_years_Geisel.png; sourceTree = "<group>"; };
		47F1523B19A95145006FCEDD /* Fallen_Star.png */ = {isa = PBXFileReference; lastKnownFileType = image.png; path = Fallen_Star.png; sourceTree = "<group>"; };
		47F1523C19A95145006FCEDD /* Big_red_chair.png */ = {isa = PBXFileReference; lastKnownFileType = image.png; path = Big_red_chair.png; sourceTree = "<group>"; };
		47F1523D19A95145006FCEDD /* Before_you_die.png */ = {isa = PBXFileReference; lastKnownFileType = image.png; path = Before_you_die.png; sourceTree = "<group>"; };
		47F1523E19A95145006FCEDD /* A_bite_of_Mexico_Goodies.png */ = {isa = PBXFileReference; lastKnownFileType = image.png; path = A_bite_of_Mexico_Goodies.png; sourceTree = "<group>"; };
		47F1524719A9534D006FCEDD /* UC_Sea_ovt.png */ = {isa = PBXFileReference; lastKnownFileType = image.png; path = UC_Sea_ovt.png; sourceTree = "<group>"; };
		47F1524919B3B37E006FCEDD /* JobHunter_Career_center.png */ = {isa = PBXFileReference; lastKnownFileType = image.png; path = JobHunter_Career_center.png; sourceTree = "<group>"; };
		523BBDAE19EB13EA006FABC8 /* LoginViewController.h */ = {isa = PBXFileReference; lastKnownFileType = sourcecode.c.h; path = LoginViewController.h; sourceTree = "<group>"; };
		523BBDAF19EB1428006FABC8 /* LoginViewController.m */ = {isa = PBXFileReference; fileEncoding = 4; lastKnownFileType = sourcecode.c.objc; path = LoginViewController.m; sourceTree = "<group>"; };
/* End PBXFileReference section */

/* Begin PBXFrameworksBuildPhase section */
		476EA96B19A7FCB8004BC6B1 /* Frameworks */ = {
			isa = PBXFrameworksBuildPhase;
			buildActionMask = 2147483647;
			files = (
				476EA9C119A7FDDE004BC6B1 /* CoreText.framework in Frameworks */,
				476EA9BF19A7FDD1004BC6B1 /* SystemConfiguration.framework in Frameworks */,
				476EA9BD19A7FDCB004BC6B1 /* QuartzCore.framework in Frameworks */,
				476EA9BB19A7FDC6004BC6B1 /* OpenGLES.framework in Frameworks */,
				476EA9B919A7FDBF004BC6B1 /* libz.dylib in Frameworks */,
				476EA9B719A7FDBB004BC6B1 /* libicucore.dylib in Frameworks */,
				476EA9B519A7FDB2004BC6B1 /* libc++.dylib in Frameworks */,
				476EA9B319A7FDA8004BC6B1 /* ImageIO.framework in Frameworks */,
				476EA9B119A7FDA1004BC6B1 /* GLKit.framework in Frameworks */,
				476EA9AF19A7FD9C004BC6B1 /* CoreLocation.framework in Frameworks */,
				476EA9AD19A7FD97004BC6B1 /* CoreData.framework in Frameworks */,
				476EA9AB19A7FD91004BC6B1 /* AVFoundation.framework in Frameworks */,
				476EA97419A7FCB8004BC6B1 /* CoreGraphics.framework in Frameworks */,
				476EA97619A7FCB8004BC6B1 /* UIKit.framework in Frameworks */,
				476EA9A719A7FD25004BC6B1 /* GoogleMaps.framework in Frameworks */,
				476EA97219A7FCB8004BC6B1 /* Foundation.framework in Frameworks */,
			);
			runOnlyForDeploymentPostprocessing = 0;
		};
		476EA98C19A7FCB9004BC6B1 /* Frameworks */ = {
			isa = PBXFrameworksBuildPhase;
			buildActionMask = 2147483647;
			files = (
				476EA99119A7FCB9004BC6B1 /* XCTest.framework in Frameworks */,
				476EA99319A7FCB9004BC6B1 /* UIKit.framework in Frameworks */,
				476EA99219A7FCB9004BC6B1 /* Foundation.framework in Frameworks */,
			);
			runOnlyForDeploymentPostprocessing = 0;
		};
/* End PBXFrameworksBuildPhase section */

/* Begin PBXGroup section */
		476EA96519A7FCB8004BC6B1 = {
			isa = PBXGroup;
			children = (
				47F1523619A9512D006FCEDD /* src */,
				47F1523319A944E4006FCEDD /* BadgeManager.h */,
				47F1523419A944E4006FCEDD /* BadgeManager.m */,
				47F1523019A93F5C006FCEDD /* Badge.h */,
				47F1523119A93F5C006FCEDD /* Badge.m */,
				470069EC19A90A2D0092604F /* SHMapViewController.h */,
				470069ED19A90A2D0092604F /* SHMapViewController.m */,
				470069EE19A90A2D0092604F /* SHMapViewController.xib */,
				523BBDAE19EB13EA006FABC8 /* LoginViewController.h */,
				523BBDAF19EB1428006FABC8 /* LoginViewController.m */,
				476EA97719A7FCB8004BC6B1 /* com.ucsdcssa.sh */,
				476EA99619A7FCB9004BC6B1 /* Scavenger HuntTests */,
				476EA97019A7FCB8004BC6B1 /* Frameworks */,
				476EA96F19A7FCB8004BC6B1 /* Products */,
			);
			sourceTree = "<group>";
		};
		476EA96F19A7FCB8004BC6B1 /* Products */ = {
			isa = PBXGroup;
			children = (
				476EA96E19A7FCB8004BC6B1 /* Scavenger Hunt.app */,
				476EA98F19A7FCB9004BC6B1 /* Scavenger HuntTests.xctest */,
			);
			name = Products;
			sourceTree = "<group>";
		};
		476EA97019A7FCB8004BC6B1 /* Frameworks */ = {
			isa = PBXGroup;
			children = (
				476EA9C019A7FDDE004BC6B1 /* CoreText.framework */,
				476EA9BE19A7FDD1004BC6B1 /* SystemConfiguration.framework */,
				476EA9BC19A7FDCB004BC6B1 /* QuartzCore.framework */,
				476EA9BA19A7FDC6004BC6B1 /* OpenGLES.framework */,
				476EA9B819A7FDBF004BC6B1 /* libz.dylib */,
				476EA9B619A7FDBB004BC6B1 /* libicucore.dylib */,
				476EA9B419A7FDB2004BC6B1 /* libc++.dylib */,
				476EA9B219A7FDA8004BC6B1 /* ImageIO.framework */,
				476EA9B019A7FDA1004BC6B1 /* GLKit.framework */,
				476EA9AE19A7FD9C004BC6B1 /* CoreLocation.framework */,
				476EA9AC19A7FD97004BC6B1 /* CoreData.framework */,
				476EA9AA19A7FD91004BC6B1 /* AVFoundation.framework */,
				476EA9A819A7FD50004BC6B1 /* GoogleMaps.bundle */,
				476EA9A619A7FD25004BC6B1 /* GoogleMaps.framework */,
				476EA97119A7FCB8004BC6B1 /* Foundation.framework */,
				476EA97319A7FCB8004BC6B1 /* CoreGraphics.framework */,
				476EA97519A7FCB8004BC6B1 /* UIKit.framework */,
				476EA99019A7FCB9004BC6B1 /* XCTest.framework */,
			);
			name = Frameworks;
			sourceTree = "<group>";
		};
		476EA97719A7FCB8004BC6B1 /* com.ucsdcssa.sh */ = {
			isa = PBXGroup;
			children = (
				476EA98019A7FCB8004BC6B1 /* SHAppDelegate.h */,
				476EA98119A7FCB8004BC6B1 /* SHAppDelegate.m */,
				476EA98319A7FCB8004BC6B1 /* Main.storyboard */,
				476EA98919A7FCB8004BC6B1 /* Images.xcassets */,
				476EA97819A7FCB8004BC6B1 /* Supporting Files */,
			);
			name = com.ucsdcssa.sh;
			path = "Scavenger Hunt";
			sourceTree = "<group>";
		};
		476EA97819A7FCB8004BC6B1 /* Supporting Files */ = {
			isa = PBXGroup;
			children = (
				476EA97919A7FCB8004BC6B1 /* Scavenger Hunt-Info.plist */,
				476EA97A19A7FCB8004BC6B1 /* InfoPlist.strings */,
				476EA97D19A7FCB8004BC6B1 /* main.m */,
				476EA97F19A7FCB8004BC6B1 /* Scavenger Hunt-Prefix.pch */,
			);
			name = "Supporting Files";
			sourceTree = "<group>";
		};
		476EA99619A7FCB9004BC6B1 /* Scavenger HuntTests */ = {
			isa = PBXGroup;
			children = (
				476EA99C19A7FCB9004BC6B1 /* Scavenger_HuntTests.m */,
				476EA99719A7FCB9004BC6B1 /* Supporting Files */,
			);
			path = "Scavenger HuntTests";
			sourceTree = "<group>";
		};
		476EA99719A7FCB9004BC6B1 /* Supporting Files */ = {
			isa = PBXGroup;
			children = (
				476EA99819A7FCB9004BC6B1 /* Scavenger HuntTests-Info.plist */,
				476EA99919A7FCB9004BC6B1 /* InfoPlist.strings */,
			);
			name = "Supporting Files";
			sourceTree = "<group>";
		};
		47F1523619A9512D006FCEDD /* src */ = {
			isa = PBXGroup;
			children = (
				47F1524919B3B37E006FCEDD /* JobHunter_Career_center.png */,
				47F1524719A9534D006FCEDD /* UC_Sea_ovt.png */,
				47F1523719A95145006FCEDD /* Xueba_help_me_AS_Notes.png */,
				47F1523819A95145006FCEDD /* Sun_god_hug.png */,
				47F1523919A95145006FCEDD /* Stone_bear.png */,
				47F1523A19A95145006FCEDD /* Home_for_4_years_Geisel.png */,
				47F1523B19A95145006FCEDD /* Fallen_Star.png */,
				47F1523C19A95145006FCEDD /* Big_red_chair.png */,
				47F1523D19A95145006FCEDD /* Before_you_die.png */,
				47F1523E19A95145006FCEDD /* A_bite_of_Mexico_Goodies.png */,
			);
			name = src;
			sourceTree = "<group>";
		};
/* End PBXGroup section */

/* Begin PBXNativeTarget section */
		476EA96D19A7FCB8004BC6B1 /* Scavenger Hunt */ = {
			isa = PBXNativeTarget;
			buildConfigurationList = 476EA9A019A7FCB9004BC6B1 /* Build configuration list for PBXNativeTarget "Scavenger Hunt" */;
			buildPhases = (
				476EA96A19A7FCB8004BC6B1 /* Sources */,
				476EA96B19A7FCB8004BC6B1 /* Frameworks */,
				476EA96C19A7FCB8004BC6B1 /* Resources */,
			);
			buildRules = (
			);
			dependencies = (
			);
			name = "Scavenger Hunt";
			productName = "Scavenger Hunt";
			productReference = 476EA96E19A7FCB8004BC6B1 /* Scavenger Hunt.app */;
			productType = "com.apple.product-type.application";
		};
		476EA98E19A7FCB9004BC6B1 /* Scavenger HuntTests */ = {
			isa = PBXNativeTarget;
			buildConfigurationList = 476EA9A319A7FCB9004BC6B1 /* Build configuration list for PBXNativeTarget "Scavenger HuntTests" */;
			buildPhases = (
				476EA98B19A7FCB9004BC6B1 /* Sources */,
				476EA98C19A7FCB9004BC6B1 /* Frameworks */,
				476EA98D19A7FCB9004BC6B1 /* Resources */,
			);
			buildRules = (
			);
			dependencies = (
				476EA99519A7FCB9004BC6B1 /* PBXTargetDependency */,
			);
			name = "Scavenger HuntTests";
			productName = "Scavenger HuntTests";
			productReference = 476EA98F19A7FCB9004BC6B1 /* Scavenger HuntTests.xctest */;
			productType = "com.apple.product-type.bundle.unit-test";
		};
/* End PBXNativeTarget section */

/* Begin PBXProject section */
		476EA96619A7FCB8004BC6B1 /* Project object */ = {
			isa = PBXProject;
			attributes = {
				CLASSPREFIX = SH;
				LastUpgradeCheck = 0510;
				ORGANIZATIONNAME = "Ruiqing Qiu";
				TargetAttributes = {
					476EA98E19A7FCB9004BC6B1 = {
						TestTargetID = 476EA96D19A7FCB8004BC6B1;
					};
				};
			};
			buildConfigurationList = 476EA96919A7FCB8004BC6B1 /* Build configuration list for PBXProject "Scavenger Hunt" */;
			compatibilityVersion = "Xcode 3.2";
			developmentRegion = English;
			hasScannedForEncodings = 0;
			knownRegions = (
				en,
				Base,
			);
			mainGroup = 476EA96519A7FCB8004BC6B1;
			productRefGroup = 476EA96F19A7FCB8004BC6B1 /* Products */;
			projectDirPath = "";
			projectRoot = "";
			targets = (
				476EA96D19A7FCB8004BC6B1 /* Scavenger Hunt */,
				476EA98E19A7FCB9004BC6B1 /* Scavenger HuntTests */,
			);
		};
/* End PBXProject section */

/* Begin PBXResourcesBuildPhase section */
		476EA96C19A7FCB8004BC6B1 /* Resources */ = {
			isa = PBXResourcesBuildPhase;
			buildActionMask = 2147483647;
			files = (
				47F1524419A95145006FCEDD /* Big_red_chair.png in Resources */,
				470069F019A90A2D0092604F /* SHMapViewController.xib in Resources */,
				476EA98A19A7FCB8004BC6B1 /* Images.xcassets in Resources */,
				476EA97C19A7FCB8004BC6B1 /* InfoPlist.strings in Resources */,
				47F1524019A95145006FCEDD /* Sun_god_hug.png in Resources */,
				47F1524219A95145006FCEDD /* Home_for_4_years_Geisel.png in Resources */,
				47F1524619A95145006FCEDD /* A_bite_of_Mexico_Goodies.png in Resources */,
				47F1524119A95145006FCEDD /* Stone_bear.png in Resources */,
				47F1524A19B3B37E006FCEDD /* JobHunter_Career_center.png in Resources */,
				47F1524519A95145006FCEDD /* Before_you_die.png in Resources */,
				47F1524319A95145006FCEDD /* Fallen_Star.png in Resources */,
				47F1524819A9534D006FCEDD /* UC_Sea_ovt.png in Resources */,
				47F1523F19A95145006FCEDD /* Xueba_help_me_AS_Notes.png in Resources */,
				476EA98519A7FCB8004BC6B1 /* Main.storyboard in Resources */,
				476EA9A919A7FD50004BC6B1 /* GoogleMaps.bundle in Resources */,
			);
			runOnlyForDeploymentPostprocessing = 0;
		};
		476EA98D19A7FCB9004BC6B1 /* Resources */ = {
			isa = PBXResourcesBuildPhase;
			buildActionMask = 2147483647;
			files = (
				476EA99B19A7FCB9004BC6B1 /* InfoPlist.strings in Resources */,
			);
			runOnlyForDeploymentPostprocessing = 0;
		};
/* End PBXResourcesBuildPhase section */

/* Begin PBXSourcesBuildPhase section */
		476EA96A19A7FCB8004BC6B1 /* Sources */ = {
			isa = PBXSourcesBuildPhase;
			buildActionMask = 2147483647;
			files = (
				47F1523519A944E4006FCEDD /* BadgeManager.m in Sources */,
				470069EF19A90A2D0092604F /* SHMapViewController.m in Sources */,
				523BBDB019EB1428006FABC8 /* LoginViewController.m in Sources */,
				47F1523219A93F5C006FCEDD /* Badge.m in Sources */,
				476EA97E19A7FCB8004BC6B1 /* main.m in Sources */,
				476EA98219A7FCB8004BC6B1 /* SHAppDelegate.m in Sources */,
			);
			runOnlyForDeploymentPostprocessing = 0;
		};
		476EA98B19A7FCB9004BC6B1 /* Sources */ = {
			isa = PBXSourcesBuildPhase;
			buildActionMask = 2147483647;
			files = (
				476EA99D19A7FCB9004BC6B1 /* Scavenger_HuntTests.m in Sources */,
			);
			runOnlyForDeploymentPostprocessing = 0;
		};
/* End PBXSourcesBuildPhase section */

/* Begin PBXTargetDependency section */
		476EA99519A7FCB9004BC6B1 /* PBXTargetDependency */ = {
			isa = PBXTargetDependency;
			target = 476EA96D19A7FCB8004BC6B1 /* Scavenger Hunt */;
			targetProxy = 476EA99419A7FCB9004BC6B1 /* PBXContainerItemProxy */;
		};
/* End PBXTargetDependency section */

/* Begin PBXVariantGroup section */
		476EA97A19A7FCB8004BC6B1 /* InfoPlist.strings */ = {
			isa = PBXVariantGroup;
			children = (
				476EA97B19A7FCB8004BC6B1 /* en */,
			);
			name = InfoPlist.strings;
			sourceTree = "<group>";
		};
		476EA98319A7FCB8004BC6B1 /* Main.storyboard */ = {
			isa = PBXVariantGroup;
			children = (
				476EA98419A7FCB8004BC6B1 /* Base */,
			);
			name = Main.storyboard;
			sourceTree = "<group>";
		};
		476EA99919A7FCB9004BC6B1 /* InfoPlist.strings */ = {
			isa = PBXVariantGroup;
			children = (
				476EA99A19A7FCB9004BC6B1 /* en */,
			);
			name = InfoPlist.strings;
			sourceTree = "<group>";
		};
/* End PBXVariantGroup section */

/* Begin XCBuildConfiguration section */
		476EA99E19A7FCB9004BC6B1 /* Debug */ = {
			isa = XCBuildConfiguration;
			buildSettings = {
				ALWAYS_SEARCH_USER_PATHS = NO;
				CLANG_CXX_LANGUAGE_STANDARD = "gnu++0x";
				CLANG_CXX_LIBRARY = "libc++";
				CLANG_ENABLE_MODULES = YES;
				CLANG_ENABLE_OBJC_ARC = YES;
				CLANG_WARN_BOOL_CONVERSION = YES;
				CLANG_WARN_CONSTANT_CONVERSION = YES;
				CLANG_WARN_DIRECT_OBJC_ISA_USAGE = YES_ERROR;
				CLANG_WARN_EMPTY_BODY = YES;
				CLANG_WARN_ENUM_CONVERSION = YES;
				CLANG_WARN_INT_CONVERSION = YES;
				CLANG_WARN_OBJC_ROOT_CLASS = YES_ERROR;
				CLANG_WARN__DUPLICATE_METHOD_MATCH = YES;
				"CODE_SIGN_IDENTITY[sdk=iphoneos*]" = "iPhone Developer";
				COPY_PHASE_STRIP = NO;
				GCC_C_LANGUAGE_STANDARD = gnu99;
				GCC_DYNAMIC_NO_PIC = NO;
				GCC_OPTIMIZATION_LEVEL = 0;
				GCC_PREPROCESSOR_DEFINITIONS = (
					"DEBUG=1",
					"$(inherited)",
				);
				GCC_SYMBOLS_PRIVATE_EXTERN = NO;
				GCC_WARN_64_TO_32_BIT_CONVERSION = YES;
				GCC_WARN_ABOUT_RETURN_TYPE = YES_ERROR;
				GCC_WARN_UNDECLARED_SELECTOR = YES;
				GCC_WARN_UNINITIALIZED_AUTOS = YES_AGGRESSIVE;
				GCC_WARN_UNUSED_FUNCTION = YES;
				GCC_WARN_UNUSED_VARIABLE = YES;
				IPHONEOS_DEPLOYMENT_TARGET = 7.1;
				ONLY_ACTIVE_ARCH = YES;
				SDKROOT = iphoneos;
			};
			name = Debug;
		};
		476EA99F19A7FCB9004BC6B1 /* Release */ = {
			isa = XCBuildConfiguration;
			buildSettings = {
				ALWAYS_SEARCH_USER_PATHS = NO;
				CLANG_CXX_LANGUAGE_STANDARD = "gnu++0x";
				CLANG_CXX_LIBRARY = "libc++";
				CLANG_ENABLE_MODULES = YES;
				CLANG_ENABLE_OBJC_ARC = YES;
				CLANG_WARN_BOOL_CONVERSION = YES;
				CLANG_WARN_CONSTANT_CONVERSION = YES;
				CLANG_WARN_DIRECT_OBJC_ISA_USAGE = YES_ERROR;
				CLANG_WARN_EMPTY_BODY = YES;
				CLANG_WARN_ENUM_CONVERSION = YES;
				CLANG_WARN_INT_CONVERSION = YES;
				CLANG_WARN_OBJC_ROOT_CLASS = YES_ERROR;
				CLANG_WARN__DUPLICATE_METHOD_MATCH = YES;
				"CODE_SIGN_IDENTITY[sdk=iphoneos*]" = "iPhone Developer";
				COPY_PHASE_STRIP = YES;
				ENABLE_NS_ASSERTIONS = NO;
				GCC_C_LANGUAGE_STANDARD = gnu99;
				GCC_WARN_64_TO_32_BIT_CONVERSION = YES;
				GCC_WARN_ABOUT_RETURN_TYPE = YES_ERROR;
				GCC_WARN_UNDECLARED_SELECTOR = YES;
				GCC_WARN_UNINITIALIZED_AUTOS = YES_AGGRESSIVE;
				GCC_WARN_UNUSED_FUNCTION = YES;
				GCC_WARN_UNUSED_VARIABLE = YES;
				IPHONEOS_DEPLOYMENT_TARGET = 7.1;
				SDKROOT = iphoneos;
				VALIDATE_PRODUCT = YES;
			};
			name = Release;
		};
		476EA9A119A7FCB9004BC6B1 /* Debug */ = {
			isa = XCBuildConfiguration;
			buildSettings = {
				ASSETCATALOG_COMPILER_APPICON_NAME = AppIcon;
				ASSETCATALOG_COMPILER_LAUNCHIMAGE_NAME = LaunchImage;
				FRAMEWORK_SEARCH_PATHS = (
					"$(inherited)",
					"$(PROJECT_DIR)",
				);
				GCC_PRECOMPILE_PREFIX_HEADER = YES;
				GCC_PREFIX_HEADER = "Scavenger Hunt/Scavenger Hunt-Prefix.pch";
				INFOPLIST_FILE = "Scavenger Hunt/Scavenger Hunt-Info.plist";
				"OTHER_LDFLAGS[arch=*]" = "-ObjC";
				PRODUCT_NAME = "$(TARGET_NAME)";
				WRAPPER_EXTENSION = app;
			};
			name = Debug;
		};
		476EA9A219A7FCB9004BC6B1 /* Release */ = {
			isa = XCBuildConfiguration;
			buildSettings = {
				ASSETCATALOG_COMPILER_APPICON_NAME = AppIcon;
				ASSETCATALOG_COMPILER_LAUNCHIMAGE_NAME = LaunchImage;
				FRAMEWORK_SEARCH_PATHS = (
					"$(inherited)",
					"$(PROJECT_DIR)",
				);
				GCC_PRECOMPILE_PREFIX_HEADER = YES;
				GCC_PREFIX_HEADER = "Scavenger Hunt/Scavenger Hunt-Prefix.pch";
				INFOPLIST_FILE = "Scavenger Hunt/Scavenger Hunt-Info.plist";
				"OTHER_LDFLAGS[arch=*]" = "-ObjC";
				PRODUCT_NAME = "$(TARGET_NAME)";
				WRAPPER_EXTENSION = app;
			};
			name = Release;
		};
		476EA9A419A7FCB9004BC6B1 /* Debug */ = {
			isa = XCBuildConfiguration;
			buildSettings = {
				BUNDLE_LOADER = "$(BUILT_PRODUCTS_DIR)/Scavenger Hunt.app/Scavenger Hunt";
				FRAMEWORK_SEARCH_PATHS = (
					"$(SDKROOT)/Developer/Library/Frameworks",
					"$(inherited)",
					"$(DEVELOPER_FRAMEWORKS_DIR)",
				);
				GCC_PRECOMPILE_PREFIX_HEADER = YES;
				GCC_PREFIX_HEADER = "Scavenger Hunt/Scavenger Hunt-Prefix.pch";
				GCC_PREPROCESSOR_DEFINITIONS = (
					"DEBUG=1",
					"$(inherited)",
				);
				INFOPLIST_FILE = "Scavenger HuntTests/Scavenger HuntTests-Info.plist";
				PRODUCT_NAME = "$(TARGET_NAME)";
				TEST_HOST = "$(BUNDLE_LOADER)";
				WRAPPER_EXTENSION = xctest;
			};
			name = Debug;
		};
		476EA9A519A7FCB9004BC6B1 /* Release */ = {
			isa = XCBuildConfiguration;
			buildSettings = {
				BUNDLE_LOADER = "$(BUILT_PRODUCTS_DIR)/Scavenger Hunt.app/Scavenger Hunt";
				FRAMEWORK_SEARCH_PATHS = (
					"$(SDKROOT)/Developer/Library/Frameworks",
					"$(inherited)",
					"$(DEVELOPER_FRAMEWORKS_DIR)",
				);
				GCC_PRECOMPILE_PREFIX_HEADER = YES;
				GCC_PREFIX_HEADER = "Scavenger Hunt/Scavenger Hunt-Prefix.pch";
				INFOPLIST_FILE = "Scavenger HuntTests/Scavenger HuntTests-Info.plist";
				PRODUCT_NAME = "$(TARGET_NAME)";
				TEST_HOST = "$(BUNDLE_LOADER)";
				WRAPPER_EXTENSION = xctest;
			};
			name = Release;
		};
/* End XCBuildConfiguration section */

/* Begin XCConfigurationList section */
		476EA96919A7FCB8004BC6B1 /* Build configuration list for PBXProject "Scavenger Hunt" */ = {
			isa = XCConfigurationList;
			buildConfigurations = (
				476EA99E19A7FCB9004BC6B1 /* Debug */,
				476EA99F19A7FCB9004BC6B1 /* Release */,
			);
			defaultConfigurationIsVisible = 0;
			defaultConfigurationName = Release;
		};
		476EA9A019A7FCB9004BC6B1 /* Build configuration list for PBXNativeTarget "Scavenger Hunt" */ = {
			isa = XCConfigurationList;
			buildConfigurations = (
				476EA9A119A7FCB9004BC6B1 /* Debug */,
				476EA9A219A7FCB9004BC6B1 /* Release */,
			);
			defaultConfigurationIsVisible = 0;
			defaultConfigurationName = Release;
		};
		476EA9A319A7FCB9004BC6B1 /* Build configuration list for PBXNativeTarget "Scavenger HuntTests" */ = {
			isa = XCConfigurationList;
			buildConfigurations = (
				476EA9A419A7FCB9004BC6B1 /* Debug */,
				476EA9A519A7FCB9004BC6B1 /* Release */,
			);
			defaultConfigurationIsVisible = 0;
			defaultConfigurationName = Release;
		};
/* End XCConfigurationList section */
	};
	rootObject = 476EA96619A7FCB8004BC6B1 /* Project object */;
}
