// !$*UTF8*$!
{
	archiveVersion = 1;
	classes = {
	};
	objectVersion = 46;
	objects = {

/* Begin PBXBuildFile section */
		470069EF19A90A2D0092604F /* SHMapViewController.m in Sources */ = {isa = PBXBuildFile; fileRef = 470069ED19A90A2D0092604F /* SHMapViewController.m */; };
		470069F019A90A2D0092604F /* SHMapViewController.xib in Resources */ = {isa = PBXBuildFile; fileRef = 470069EE19A90A2D0092604F /* SHMapViewController.xib */; };
		476EA97219A7FCB8004BC6B1 /* Foundation.framework in Frameworks */ = {isa = PBXBuildFile; fileRef = 476EA97119A7FCB8004BC6B1 /* Foundation.framework */; };
		476EA97419A7FCB8004BC6B1 /* CoreGraphics.framework in Frameworks */ = {isa = PBXBuildFile; fileRef = 476EA97319A7FCB8004BC6B1 /* CoreGraphics.framework */; };
		476EA97619A7FCB8004BC6B1 /* UIKit.framework in Frameworks */ = {isa = PBXBuildFile; fileRef = 476EA97519A7FCB8004BC6B1 /* UIKit.framework */; };
		476EA97C19A7FCB8004BC6B1 /* InfoPlist.strings in Resources */ = {isa = PBXBuildFile; fileRef = 476EA97A19A7FCB8004BC6B1 /* InfoPlist.strings */; };
		476EA97E19A7FCB8004BC6B1 /* main.m in Sources */ = {isa = PBXBuildFile; fileRef = 476EA97D19A7FCB8004BC6B1 /* main.m */; };
		476EA98219A7FCB8004BC6B1 /* SHAppDelegate.m in Sources */ = {isa = PBXBuildFile; fileRef = 476EA98119A7FCB8004BC6B1 /* SHAppDelegate.m */; };
		476EA98519A7FCB8004BC6B1 /* Main.storyboard in Resources */ = {isa = PBXBuildFile; fileRef = 476EA98319A7FCB8004BC6B1 /* Main.storyboard */; };
		476EA98A19A7FCB8004BC6B1 /* Images.xcassets in Resources */ = {isa = PBXBuildFile; fileRef = 476EA98919A7FCB8004BC6B1 /* Images.xcassets */; };
		476EA9A719A7FD25004BC6B1 /* GoogleMaps.framework in Frameworks */ = {isa = PBXBuildFile; fileRef = 476EA9A619A7FD25004BC6B1 /* GoogleMaps.framework */; };
		476EA9A919A7FD50004BC6B1 /* GoogleMaps.bundle in Resources */ = {isa = PBXBuildFile; fileRef = 476EA9A819A7FD50004BC6B1 /* GoogleMaps.bundle */; };
		476EA9AB19A7FD91004BC6B1 /* AVFoundation.framework in Frameworks */ = {isa = PBXBuildFile; fileRef = 476EA9AA19A7FD91004BC6B1 /* AVFoundation.framework */; };
		476EA9AD19A7FD97004BC6B1 /* CoreData.framework in Frameworks */ = {isa = PBXBuildFile; fileRef = 476EA9AC19A7FD97004BC6B1 /* CoreData.framework */; };
		476EA9AF19A7FD9C004BC6B1 /* CoreLocation.framework in Frameworks */ = {isa = PBXBuildFile; fileRef = 476EA9AE19A7FD9C004BC6B1 /* CoreLocation.framework */; };
		476EA9B119A7FDA1004BC6B1 /* GLKit.framework in Frameworks */ = {isa = PBXBuildFile; fileRef = 476EA9B019A7FDA1004BC6B1 /* GLKit.framework */; };
		476EA9B319A7FDA8004BC6B1 /* ImageIO.framework in Frameworks */ = {isa = PBXBuildFile; fileRef = 476EA9B219A7FDA8004BC6B1 /* ImageIO.framework */; };
		476EA9B519A7FDB2004BC6B1 /* libc++.dylib in Frameworks */ = {isa = PBXBuildFile; fileRef = 476EA9B419A7FDB2004BC6B1 /* libc++.dylib */; };
		476EA9B719A7FDBB004BC6B1 /* libicucore.dylib in Frameworks */ = {isa = PBXBuildFile; fileRef = 476EA9B619A7FDBB004BC6B1 /* libicucore.dylib */; };
		476EA9B919A7FDBF004BC6B1 /* libz.dylib in Frameworks */ = {isa = PBXBuildFile; fileRef = 476EA9B819A7FDBF004BC6B1 /* libz.dylib */; };
		476EA9BB19A7FDC6004BC6B1 /* OpenGLES.framework in Frameworks */ = {isa = PBXBuildFile; fileRef = 476EA9BA19A7FDC6004BC6B1 /* OpenGLES.framework */; };
		476EA9BD19A7FDCB004BC6B1 /* QuartzCore.framework in Frameworks */ = {isa = PBXBuildFile; fileRef = 476EA9BC19A7FDCB004BC6B1 /* QuartzCore.framework */; };
		476EA9BF19A7FDD1004BC6B1 /* SystemConfiguration.framework in Frameworks */ = {isa = PBXBuildFile; fileRef = 476EA9BE19A7FDD1004BC6B1 /* SystemConfiguration.framework */; };
		476EA9C119A7FDDE004BC6B1 /* CoreText.framework in Frameworks */ = {isa = PBXBuildFile; fileRef = 476EA9C019A7FDDE004BC6B1 /* CoreText.framework */; };
		47F1523219A93F5C006FCEDD /* Badge.m in Sources */ = {isa = PBXBuildFile; fileRef = 47F1523119A93F5C006FCEDD /* Badge.m */; };
		47F1523519A944E4006FCEDD /* BadgeManager.m in Sources */ = {isa = PBXBuildFile; fileRef = 47F1523419A944E4006FCEDD /* BadgeManager.m */; };
		47F1523F19A95145006FCEDD /* Xueba_help_me_AS_Notes.png in Resources */ = {isa = PBXBuildFile; fileRef = 47F1523719A95145006FCEDD /* Xueba_help_me_AS_Notes.png */; };
		47F1524019A95145006FCEDD /* Sun_god_hug.png in Resources */ = {isa = PBXBuildFile; fileRef = 47F1523819A95145006FCEDD /* Sun_god_hug.png */; };
		47F1524119A95145006FCEDD /* Stone_bear.png in Resources */ = {isa = PBXBuildFile; fileRef = 47F1523919A95145006FCEDD /* Stone_bear.png */; };
		47F1524219A95145006FCEDD /* Home_for_4_years_Geisel.png in Resources */ = {isa = PBXBuildFile; fileRef = 47F1523A19A95145006FCEDD /* Home_for_4_years_Geisel.png */; };
		47F1524319A95145006FCEDD /* Fallen_Star.png in Resources */ = {isa = PBXBuildFile; fileRef = 47F1523B19A95145006FCEDD /* Fallen_Star.png */; };
		47F1524419A95145006FCEDD /* Big_red_chair.png in Resources */ = {isa = PBXBuildFile; fileRef = 47F1523C19A95145006FCEDD /* Big_red_chair.png */; };
		47F1524519A95145006FCEDD /* Before_you_die.png in Resources */ = {isa = PBXBuildFile; fileRef = 47F1523D19A95145006FCEDD /* Before_you_die.png */; };
		47F1524619A95145006FCEDD /* A_bite_of_Mexico_Goodies.png in Resources */ = {isa = PBXBuildFile; fileRef = 47F1523E19A95145006FCEDD /* A_bite_of_Mexico_Goodies.png */; };
		47F1524819A9534D006FCEDD /* UC_Sea_ovt.png in Resources */ = {isa = PBXBuildFile; fileRef = 47F1524719A9534D006FCEDD /* UC_Sea_ovt.png */; };
		47F1524A19B3B37E006FCEDD /* JobHunter_Career_center.png in Resources */ = {isa = PBXBuildFile; fileRef = 47F1524919B3B37E006FCEDD /* JobHunter_Career_center.png */; };
		520722671A17DE3F004BC133 /* background2.png in Resources */ = {isa = PBXBuildFile; fileRef = 520722641A17DE3F004BC133 /* background2.png */; };
		520722681A17DE3F004BC133 /* edit.png in Resources */ = {isa = PBXBuildFile; fileRef = 520722651A17DE3F004BC133 /* edit.png */; };
		520722691A17DE3F004BC133 /* logout.png in Resources */ = {isa = PBXBuildFile; fileRef = 520722661A17DE3F004BC133 /* logout.png */; };
		523789E919F331F600391CC3 /* login_avatar.png in Resources */ = {isa = PBXBuildFile; fileRef = 523789E719F331F600391CC3 /* login_avatar.png */; };
		523789EA19F331F600391CC3 /* background.png in Resources */ = {isa = PBXBuildFile; fileRef = 523789E819F331F600391CC3 /* background.png */; };
		523A28D019F36DA00094999E /* lthj.TTF in Resources */ = {isa = PBXBuildFile; fileRef = 523A28CF19F36BB30094999E /* lthj.TTF */; };
		523A28D619F374840094999E /* EventViewController.m in Sources */ = {isa = PBXBuildFile; fileRef = 523A28D519F374840094999E /* EventViewController.m */; };
		523A28DA19F388950094999E /* Poster_halloween.png in Resources */ = {isa = PBXBuildFile; fileRef = 523A28D819F388950094999E /* Poster_halloween.png */; };
		523A28DC19F38AA50094999E /* login_avatar_v2.png in Resources */ = {isa = PBXBuildFile; fileRef = 523A28DB19F38AA50094999E /* login_avatar_v2.png */; };
		523A28E019F38CE80094999E /* Poster_halloween_v2.png in Resources */ = {isa = PBXBuildFile; fileRef = 523A28DF19F38CE80094999E /* Poster_halloween_v2.png */; };
		523BBDB019EB1428006FABC8 /* RegisterViewController.m in Sources */ = {isa = PBXBuildFile; fileRef = 523BBDAF19EB1428006FABC8 /* RegisterViewController.m */; };
		5282C85919F4798B00301F20 /* background.png in Resources */ = {isa = PBXBuildFile; fileRef = 5282C85819F4798B00301F20 /* background.png */; };
		5282C85D19F49F6D00301F20 /* Poster_scavengerhuntcs2.png in Resources */ = {isa = PBXBuildFile; fileRef = 5282C85C19F49F6D00301F20 /* Poster_scavengerhuntcs2.png */; };
		5B73DB191A17EB12000834A9 /* WYPopoverController.m in Sources */ = {isa = PBXBuildFile; fileRef = 5B73DB161A17EB12000834A9 /* WYPopoverController.m */; };
		5B73DB1A1A17EB12000834A9 /* WYStoryboardPopoverSegue.m in Sources */ = {isa = PBXBuildFile; fileRef = 5B73DB181A17EB12000834A9 /* WYStoryboardPopoverSegue.m */; };
		84D76CE319EEE6DC0043945F /* ProfileViewController.m in Sources */ = {isa = PBXBuildFile; fileRef = 84D76CE219EEE6DC0043945F /* ProfileViewController.m */; };
		AA20373219F36E150076BEF3 /* Icon_v2.png in Resources */ = {isa = PBXBuildFile; fileRef = AA20373119F36E150076BEF3 /* Icon_v2.png */; };
		AA20373619F376880076BEF3 /* map_pin_v3.png in Resources */ = {isa = PBXBuildFile; fileRef = AA20373519F376880076BEF3 /* map_pin_v3.png */; };
		AA20373819F3802B0076BEF3 /* icon_v3.png in Resources */ = {isa = PBXBuildFile; fileRef = AA20373719F3802B0076BEF3 /* icon_v3.png */; };
		AA20802B19F2646100AD7FFD /* MapViewController.m in Sources */ = {isa = PBXBuildFile; fileRef = AA20802A19F2646100AD7FFD /* MapViewController.m */; };
		AA20802D19F2649A00AD7FFD /* MapKit.framework in Frameworks */ = {isa = PBXBuildFile; fileRef = AA20802C19F2649A00AD7FFD /* MapKit.framework */; };
		AA20802F19F2653100AD7FFD /* Annotation.m in Sources */ = {isa = PBXBuildFile; fileRef = AA20802E19F2653100AD7FFD /* Annotation.m */; };
		AA20803419F26F1100AD7FFD /* rsz_icon1.png in Resources */ = {isa = PBXBuildFile; fileRef = AA20803319F26F1100AD7FFD /* rsz_icon1.png */; };
		AA34240119F32DB60075A3DF /* map_avatar.png in Resources */ = {isa = PBXBuildFile; fileRef = AA34240019F32DB60075A3DF /* map_avatar.png */; };
		AA34240319F330D90075A3DF /* map_pin_v2.png in Resources */ = {isa = PBXBuildFile; fileRef = AA34240219F330D90075A3DF /* map_pin_v2.png */; };
		AA6EA24D19F481FE00208893 /* splash screen.png in Resources */ = {isa = PBXBuildFile; fileRef = AA6EA24C19F481FE00208893 /* splash screen.png */; };
		AA6EA24F19F4821600208893 /* Icon13 .png in Resources */ = {isa = PBXBuildFile; fileRef = AA6EA24E19F4821600208893 /* Icon13 .png */; };
		AA6EA25119F4929300208893 /* crown-7.png in Resources */ = {isa = PBXBuildFile; fileRef = AA6EA25019F4929300208893 /* crown-7.png */; };
		AA6EA25319F493A300208893 /* pin-map-7.png in Resources */ = {isa = PBXBuildFile; fileRef = AA6EA25219F493A300208893 /* pin-map-7.png */; };
		AA6EA25519F4948800208893 /* origami-7.png in Resources */ = {isa = PBXBuildFile; fileRef = AA6EA25419F4948800208893 /* origami-7.png */; };
		AAF65FF719F3887100C9D6EB /* icon_v4.png in Resources */ = {isa = PBXBuildFile; fileRef = AAF65FF619F3887100C9D6EB /* icon_v4.png */; };
/* End PBXBuildFile section */

/* Begin PBXFileReference section */
		470069EC19A90A2D0092604F /* SHMapViewController.h */ = {isa = PBXFileReference; fileEncoding = 4; lastKnownFileType = sourcecode.c.h; name = SHMapViewController.h; path = "Scavenger Hunt/SHMapViewController.h"; sourceTree = "<group>"; };
		470069ED19A90A2D0092604F /* SHMapViewController.m */ = {isa = PBXFileReference; fileEncoding = 4; lastKnownFileType = sourcecode.c.objc; name = SHMapViewController.m; path = "Scavenger Hunt/SHMapViewController.m"; sourceTree = "<group>"; };
		470069EE19A90A2D0092604F /* SHMapViewController.xib */ = {isa = PBXFileReference; fileEncoding = 4; lastKnownFileType = file.xib; name = SHMapViewController.xib; path = "Scavenger Hunt/SHMapViewController.xib"; sourceTree = "<group>"; };
		476EA96E19A7FCB8004BC6B1 /* CSSAMon.app */ = {isa = PBXFileReference; explicitFileType = wrapper.application; includeInIndex = 0; path = CSSAMon.app; sourceTree = BUILT_PRODUCTS_DIR; };
		476EA97119A7FCB8004BC6B1 /* Foundation.framework */ = {isa = PBXFileReference; lastKnownFileType = wrapper.framework; name = Foundation.framework; path = System/Library/Frameworks/Foundation.framework; sourceTree = SDKROOT; };
		476EA97319A7FCB8004BC6B1 /* CoreGraphics.framework */ = {isa = PBXFileReference; lastKnownFileType = wrapper.framework; name = CoreGraphics.framework; path = System/Library/Frameworks/CoreGraphics.framework; sourceTree = SDKROOT; };
		476EA97519A7FCB8004BC6B1 /* UIKit.framework */ = {isa = PBXFileReference; lastKnownFileType = wrapper.framework; name = UIKit.framework; path = System/Library/Frameworks/UIKit.framework; sourceTree = SDKROOT; };
		476EA97919A7FCB8004BC6B1 /* CSSAMon-Info.plist */ = {isa = PBXFileReference; lastKnownFileType = text.plist.xml; path = "CSSAMon-Info.plist"; sourceTree = "<group>"; };
		476EA97B19A7FCB8004BC6B1 /* en */ = {isa = PBXFileReference; lastKnownFileType = text.plist.strings; name = en; path = en.lproj/InfoPlist.strings; sourceTree = "<group>"; };
		476EA97D19A7FCB8004BC6B1 /* main.m */ = {isa = PBXFileReference; lastKnownFileType = sourcecode.c.objc; path = main.m; sourceTree = "<group>"; };
		476EA97F19A7FCB8004BC6B1 /* CSSAMon-Prefix.pch */ = {isa = PBXFileReference; lastKnownFileType = sourcecode.c.h; path = "CSSAMon-Prefix.pch"; sourceTree = "<group>"; };
		476EA98019A7FCB8004BC6B1 /* SHAppDelegate.h */ = {isa = PBXFileReference; lastKnownFileType = sourcecode.c.h; path = SHAppDelegate.h; sourceTree = "<group>"; };
		476EA98119A7FCB8004BC6B1 /* SHAppDelegate.m */ = {isa = PBXFileReference; lastKnownFileType = sourcecode.c.objc; path = SHAppDelegate.m; sourceTree = "<group>"; };
		476EA98419A7FCB8004BC6B1 /* Base */ = {isa = PBXFileReference; lastKnownFileType = file.storyboard; name = Base; path = Base.lproj/Main.storyboard; sourceTree = "<group>"; };
		476EA98919A7FCB8004BC6B1 /* Images.xcassets */ = {isa = PBXFileReference; lastKnownFileType = folder.assetcatalog; path = Images.xcassets; sourceTree = "<group>"; };
		476EA99019A7FCB9004BC6B1 /* XCTest.framework */ = {isa = PBXFileReference; lastKnownFileType = wrapper.framework; name = XCTest.framework; path = Library/Frameworks/XCTest.framework; sourceTree = DEVELOPER_DIR; };
		476EA9A619A7FD25004BC6B1 /* GoogleMaps.framework */ = {isa = PBXFileReference; lastKnownFileType = wrapper.framework; path = GoogleMaps.framework; sourceTree = "<group>"; };
		476EA9A819A7FD50004BC6B1 /* GoogleMaps.bundle */ = {isa = PBXFileReference; lastKnownFileType = "wrapper.plug-in"; name = GoogleMaps.bundle; path = GoogleMaps.framework/Versions/A/Resources/GoogleMaps.bundle; sourceTree = "<group>"; };
		476EA9AA19A7FD91004BC6B1 /* AVFoundation.framework */ = {isa = PBXFileReference; lastKnownFileType = wrapper.framework; name = AVFoundation.framework; path = System/Library/Frameworks/AVFoundation.framework; sourceTree = SDKROOT; };
		476EA9AC19A7FD97004BC6B1 /* CoreData.framework */ = {isa = PBXFileReference; lastKnownFileType = wrapper.framework; name = CoreData.framework; path = System/Library/Frameworks/CoreData.framework; sourceTree = SDKROOT; };
		476EA9AE19A7FD9C004BC6B1 /* CoreLocation.framework */ = {isa = PBXFileReference; lastKnownFileType = wrapper.framework; name = CoreLocation.framework; path = System/Library/Frameworks/CoreLocation.framework; sourceTree = SDKROOT; };
		476EA9B019A7FDA1004BC6B1 /* GLKit.framework */ = {isa = PBXFileReference; lastKnownFileType = wrapper.framework; name = GLKit.framework; path = System/Library/Frameworks/GLKit.framework; sourceTree = SDKROOT; };
		476EA9B219A7FDA8004BC6B1 /* ImageIO.framework */ = {isa = PBXFileReference; lastKnownFileType = wrapper.framework; name = ImageIO.framework; path = System/Library/Frameworks/ImageIO.framework; sourceTree = SDKROOT; };
		476EA9B419A7FDB2004BC6B1 /* libc++.dylib */ = {isa = PBXFileReference; lastKnownFileType = "compiled.mach-o.dylib"; name = "libc++.dylib"; path = "usr/lib/libc++.dylib"; sourceTree = SDKROOT; };
		476EA9B619A7FDBB004BC6B1 /* libicucore.dylib */ = {isa = PBXFileReference; lastKnownFileType = "compiled.mach-o.dylib"; name = libicucore.dylib; path = usr/lib/libicucore.dylib; sourceTree = SDKROOT; };
		476EA9B819A7FDBF004BC6B1 /* libz.dylib */ = {isa = PBXFileReference; lastKnownFileType = "compiled.mach-o.dylib"; name = libz.dylib; path = usr/lib/libz.dylib; sourceTree = SDKROOT; };
		476EA9BA19A7FDC6004BC6B1 /* OpenGLES.framework */ = {isa = PBXFileReference; lastKnownFileType = wrapper.framework; name = OpenGLES.framework; path = System/Library/Frameworks/OpenGLES.framework; sourceTree = SDKROOT; };
		476EA9BC19A7FDCB004BC6B1 /* QuartzCore.framework */ = {isa = PBXFileReference; lastKnownFileType = wrapper.framework; name = QuartzCore.framework; path = System/Library/Frameworks/QuartzCore.framework; sourceTree = SDKROOT; };
		476EA9BE19A7FDD1004BC6B1 /* SystemConfiguration.framework */ = {isa = PBXFileReference; lastKnownFileType = wrapper.framework; name = SystemConfiguration.framework; path = System/Library/Frameworks/SystemConfiguration.framework; sourceTree = SDKROOT; };
		476EA9C019A7FDDE004BC6B1 /* CoreText.framework */ = {isa = PBXFileReference; lastKnownFileType = wrapper.framework; name = CoreText.framework; path = System/Library/Frameworks/CoreText.framework; sourceTree = SDKROOT; };
		47F1523019A93F5C006FCEDD /* Badge.h */ = {isa = PBXFileReference; fileEncoding = 4; lastKnownFileType = sourcecode.c.h; name = Badge.h; path = "Scavenger Hunt/Badge.h"; sourceTree = "<group>"; };
		47F1523119A93F5C006FCEDD /* Badge.m */ = {isa = PBXFileReference; fileEncoding = 4; lastKnownFileType = sourcecode.c.objc; name = Badge.m; path = "Scavenger Hunt/Badge.m"; sourceTree = "<group>"; };
		47F1523319A944E4006FCEDD /* BadgeManager.h */ = {isa = PBXFileReference; fileEncoding = 4; lastKnownFileType = sourcecode.c.h; name = BadgeManager.h; path = "Scavenger Hunt/BadgeManager.h"; sourceTree = "<group>"; };
		47F1523419A944E4006FCEDD /* BadgeManager.m */ = {isa = PBXFileReference; fileEncoding = 4; lastKnownFileType = sourcecode.c.objc; name = BadgeManager.m; path = "Scavenger Hunt/BadgeManager.m"; sourceTree = "<group>"; };
		47F1523719A95145006FCEDD /* Xueba_help_me_AS_Notes.png */ = {isa = PBXFileReference; lastKnownFileType = image.png; path = Xueba_help_me_AS_Notes.png; sourceTree = "<group>"; };
		47F1523819A95145006FCEDD /* Sun_god_hug.png */ = {isa = PBXFileReference; lastKnownFileType = image.png; path = Sun_god_hug.png; sourceTree = "<group>"; };
		47F1523919A95145006FCEDD /* Stone_bear.png */ = {isa = PBXFileReference; lastKnownFileType = image.png; path = Stone_bear.png; sourceTree = "<group>"; };
		47F1523A19A95145006FCEDD /* Home_for_4_years_Geisel.png */ = {isa = PBXFileReference; lastKnownFileType = image.png; path = Home_for_4_years_Geisel.png; sourceTree = "<group>"; };
		47F1523B19A95145006FCEDD /* Fallen_Star.png */ = {isa = PBXFileReference; lastKnownFileType = image.png; path = Fallen_Star.png; sourceTree = "<group>"; };
		47F1523C19A95145006FCEDD /* Big_red_chair.png */ = {isa = PBXFileReference; lastKnownFileType = image.png; path = Big_red_chair.png; sourceTree = "<group>"; };
		47F1523D19A95145006FCEDD /* Before_you_die.png */ = {isa = PBXFileReference; lastKnownFileType = image.png; path = Before_you_die.png; sourceTree = "<group>"; };
		47F1523E19A95145006FCEDD /* A_bite_of_Mexico_Goodies.png */ = {isa = PBXFileReference; lastKnownFileType = image.png; path = A_bite_of_Mexico_Goodies.png; sourceTree = "<group>"; };
		47F1524719A9534D006FCEDD /* UC_Sea_ovt.png */ = {isa = PBXFileReference; lastKnownFileType = image.png; path = UC_Sea_ovt.png; sourceTree = "<group>"; };
		47F1524919B3B37E006FCEDD /* JobHunter_Career_center.png */ = {isa = PBXFileReference; lastKnownFileType = image.png; path = JobHunter_Career_center.png; sourceTree = "<group>"; };
		520722641A17DE3F004BC133 /* background2.png */ = {isa = PBXFileReference; lastKnownFileType = image.png; path = background2.png; sourceTree = "<group>"; };
		520722651A17DE3F004BC133 /* edit.png */ = {isa = PBXFileReference; lastKnownFileType = image.png; path = edit.png; sourceTree = "<group>"; };
		520722661A17DE3F004BC133 /* logout.png */ = {isa = PBXFileReference; lastKnownFileType = image.png; path = logout.png; sourceTree = "<group>"; };
		523789E719F331F600391CC3 /* login_avatar.png */ = {isa = PBXFileReference; lastKnownFileType = image.png; path = login_avatar.png; sourceTree = "<group>"; };
		523789E819F331F600391CC3 /* background.png */ = {isa = PBXFileReference; lastKnownFileType = image.png; path = background.png; sourceTree = "<group>"; };
		523A28CF19F36BB30094999E /* lthj.TTF */ = {isa = PBXFileReference; lastKnownFileType = file; path = lthj.TTF; sourceTree = "<group>"; };
		523A28D419F374840094999E /* EventViewController.h */ = {isa = PBXFileReference; fileEncoding = 4; lastKnownFileType = sourcecode.c.h; path = EventViewController.h; sourceTree = "<group>"; };
		523A28D519F374840094999E /* EventViewController.m */ = {isa = PBXFileReference; fileEncoding = 4; lastKnownFileType = sourcecode.c.objc; path = EventViewController.m; sourceTree = "<group>"; };
		523A28D819F388950094999E /* Poster_halloween.png */ = {isa = PBXFileReference; lastKnownFileType = image.png; path = Poster_halloween.png; sourceTree = "<group>"; };
		523A28DB19F38AA50094999E /* login_avatar_v2.png */ = {isa = PBXFileReference; lastKnownFileType = image.png; path = login_avatar_v2.png; sourceTree = "<group>"; };
		523A28DF19F38CE80094999E /* Poster_halloween_v2.png */ = {isa = PBXFileReference; lastKnownFileType = image.png; path = Poster_halloween_v2.png; sourceTree = "<group>"; };
		523BBDAE19EB13EA006FABC8 /* RegisterViewController.h */ = {isa = PBXFileReference; lastKnownFileType = sourcecode.c.h; path = RegisterViewController.h; sourceTree = "<group>"; };
		523BBDAF19EB1428006FABC8 /* RegisterViewController.m */ = {isa = PBXFileReference; fileEncoding = 4; lastKnownFileType = sourcecode.c.objc; path = RegisterViewController.m; sourceTree = "<group>"; };
		5282C85819F4798B00301F20 /* background.png */ = {isa = PBXFileReference; lastKnownFileType = image.png; path = background.png; sourceTree = "<group>"; };
		5282C85C19F49F6D00301F20 /* Poster_scavengerhuntcs2.png */ = {isa = PBXFileReference; lastKnownFileType = image.png; path = Poster_scavengerhuntcs2.png; sourceTree = "<group>"; };
		5B73DB151A17EB12000834A9 /* WYPopoverController.h */ = {isa = PBXFileReference; fileEncoding = 4; lastKnownFileType = sourcecode.c.h; path = WYPopoverController.h; sourceTree = "<group>"; };
		5B73DB161A17EB12000834A9 /* WYPopoverController.m */ = {isa = PBXFileReference; fileEncoding = 4; lastKnownFileType = sourcecode.c.objc; path = WYPopoverController.m; sourceTree = "<group>"; };
		5B73DB171A17EB12000834A9 /* WYStoryboardPopoverSegue.h */ = {isa = PBXFileReference; fileEncoding = 4; lastKnownFileType = sourcecode.c.h; path = WYStoryboardPopoverSegue.h; sourceTree = "<group>"; };
		5B73DB181A17EB12000834A9 /* WYStoryboardPopoverSegue.m */ = {isa = PBXFileReference; fileEncoding = 4; lastKnownFileType = sourcecode.c.objc; path = WYStoryboardPopoverSegue.m; sourceTree = "<group>"; };
		84D76CE119EEE6DC0043945F /* ProfileViewController.h */ = {isa = PBXFileReference; fileEncoding = 4; lastKnownFileType = sourcecode.c.h; name = ProfileViewController.h; path = "Scavenger Hunt/ProfileViewController.h"; sourceTree = "<group>"; };
		84D76CE219EEE6DC0043945F /* ProfileViewController.m */ = {isa = PBXFileReference; fileEncoding = 4; lastKnownFileType = sourcecode.c.objc; name = ProfileViewController.m; path = "Scavenger Hunt/ProfileViewController.m"; sourceTree = "<group>"; };
		AA20373119F36E150076BEF3 /* Icon_v2.png */ = {isa = PBXFileReference; lastKnownFileType = image.png; path = Icon_v2.png; sourceTree = "<group>"; };
		AA20373519F376880076BEF3 /* map_pin_v3.png */ = {isa = PBXFileReference; lastKnownFileType = image.png; path = map_pin_v3.png; sourceTree = "<group>"; };
		AA20373719F3802B0076BEF3 /* icon_v3.png */ = {isa = PBXFileReference; lastKnownFileType = image.png; path = icon_v3.png; sourceTree = "<group>"; };
		AA20802919F2646100AD7FFD /* MapViewController.h */ = {isa = PBXFileReference; fileEncoding = 4; lastKnownFileType = sourcecode.c.h; name = MapViewController.h; path = "Scavenger Hunt/MapViewController.h"; sourceTree = "<group>"; };
		AA20802A19F2646100AD7FFD /* MapViewController.m */ = {isa = PBXFileReference; fileEncoding = 4; lastKnownFileType = sourcecode.c.objc; name = MapViewController.m; path = "Scavenger Hunt/MapViewController.m"; sourceTree = "<group>"; };
		AA20802C19F2649A00AD7FFD /* MapKit.framework */ = {isa = PBXFileReference; lastKnownFileType = wrapper.framework; name = MapKit.framework; path = System/Library/Frameworks/MapKit.framework; sourceTree = SDKROOT; };
		AA20802E19F2653100AD7FFD /* Annotation.m */ = {isa = PBXFileReference; fileEncoding = 4; lastKnownFileType = sourcecode.c.objc; name = Annotation.m; path = "Scavenger Hunt/Annotation.m"; sourceTree = "<group>"; wrapsLines = 0; };
		AA20803019F2654600AD7FFD /* Annotation.h */ = {isa = PBXFileReference; lastKnownFileType = sourcecode.c.h; name = Annotation.h; path = "Scavenger Hunt/Annotation.h"; sourceTree = "<group>"; };
		AA20803319F26F1100AD7FFD /* rsz_icon1.png */ = {isa = PBXFileReference; lastKnownFileType = image.png; path = rsz_icon1.png; sourceTree = "<group>"; };
		AA34240019F32DB60075A3DF /* map_avatar.png */ = {isa = PBXFileReference; lastKnownFileType = image.png; path = map_avatar.png; sourceTree = "<group>"; };
		AA34240219F330D90075A3DF /* map_pin_v2.png */ = {isa = PBXFileReference; lastKnownFileType = image.png; path = map_pin_v2.png; sourceTree = "<group>"; };
		AA6EA24C19F481FE00208893 /* splash screen.png */ = {isa = PBXFileReference; lastKnownFileType = image.png; path = "splash screen.png"; sourceTree = "<group>"; };
		AA6EA24E19F4821600208893 /* Icon13 .png */ = {isa = PBXFileReference; lastKnownFileType = image.png; path = "Icon13 .png"; sourceTree = "<group>"; };
		AA6EA25019F4929300208893 /* crown-7.png */ = {isa = PBXFileReference; lastKnownFileType = image.png; path = "crown-7.png"; sourceTree = "<group>"; };
		AA6EA25219F493A300208893 /* pin-map-7.png */ = {isa = PBXFileReference; lastKnownFileType = image.png; path = "pin-map-7.png"; sourceTree = "<group>"; };
		AA6EA25419F4948800208893 /* origami-7.png */ = {isa = PBXFileReference; lastKnownFileType = image.png; path = "origami-7.png"; sourceTree = "<group>"; };
		AAF65FF619F3887100C9D6EB /* icon_v4.png */ = {isa = PBXFileReference; lastKnownFileType = image.png; path = icon_v4.png; sourceTree = "<group>"; };
/* End PBXFileReference section */

/* Begin PBXFrameworksBuildPhase section */
		476EA96B19A7FCB8004BC6B1 /* Frameworks */ = {
			isa = PBXFrameworksBuildPhase;
			buildActionMask = 2147483647;
			files = (
				AA20802D19F2649A00AD7FFD /* MapKit.framework in Frameworks */,
				476EA9C119A7FDDE004BC6B1 /* CoreText.framework in Frameworks */,
				476EA9BF19A7FDD1004BC6B1 /* SystemConfiguration.framework in Frameworks */,
				476EA9BD19A7FDCB004BC6B1 /* QuartzCore.framework in Frameworks */,
				476EA9BB19A7FDC6004BC6B1 /* OpenGLES.framework in Frameworks */,
				476EA9B919A7FDBF004BC6B1 /* libz.dylib in Frameworks */,
				476EA9B719A7FDBB004BC6B1 /* libicucore.dylib in Frameworks */,
				476EA9B519A7FDB2004BC6B1 /* libc++.dylib in Frameworks */,
				476EA9B319A7FDA8004BC6B1 /* ImageIO.framework in Frameworks */,
				476EA9B119A7FDA1004BC6B1 /* GLKit.framework in Frameworks */,
				476EA9AF19A7FD9C004BC6B1 /* CoreLocation.framework in Frameworks */,
				476EA9AD19A7FD97004BC6B1 /* CoreData.framework in Frameworks */,
				476EA9AB19A7FD91004BC6B1 /* AVFoundation.framework in Frameworks */,
				476EA97419A7FCB8004BC6B1 /* CoreGraphics.framework in Frameworks */,
				476EA97619A7FCB8004BC6B1 /* UIKit.framework in Frameworks */,
				476EA9A719A7FD25004BC6B1 /* GoogleMaps.framework in Frameworks */,
				476EA97219A7FCB8004BC6B1 /* Foundation.framework in Frameworks */,
			);
			runOnlyForDeploymentPostprocessing = 0;
		};
/* End PBXFrameworksBuildPhase section */

/* Begin PBXGroup section */
		476EA96519A7FCB8004BC6B1 = {
			isa = PBXGroup;
			children = (
				AA20802E19F2653100AD7FFD /* Annotation.m */,
				AA20803019F2654600AD7FFD /* Annotation.h */,
				AA20802919F2646100AD7FFD /* MapViewController.h */,
				AA20802A19F2646100AD7FFD /* MapViewController.m */,
				5B73DB141A17EB12000834A9 /* WYPopoverController */,
				47F1523619A9512D006FCEDD /* src */,
				47F1523319A944E4006FCEDD /* BadgeManager.h */,
				47F1523419A944E4006FCEDD /* BadgeManager.m */,
				47F1523019A93F5C006FCEDD /* Badge.h */,
				47F1523119A93F5C006FCEDD /* Badge.m */,
				470069EC19A90A2D0092604F /* SHMapViewController.h */,
				470069ED19A90A2D0092604F /* SHMapViewController.m */,
				470069EE19A90A2D0092604F /* SHMapViewController.xib */,
				84D76CE119EEE6DC0043945F /* ProfileViewController.h */,
				84D76CE219EEE6DC0043945F /* ProfileViewController.m */,
				523A28D419F374840094999E /* EventViewController.h */,
				523A28D519F374840094999E /* EventViewController.m */,
				523BBDAE19EB13EA006FABC8 /* RegisterViewController.h */,
				523BBDAF19EB1428006FABC8 /* RegisterViewController.m */,
				476EA97719A7FCB8004BC6B1 /* com.ucsdcssa.sh */,
				476EA97019A7FCB8004BC6B1 /* Frameworks */,
				476EA96F19A7FCB8004BC6B1 /* Products */,
			);
			sourceTree = "<group>";
		};
		476EA96F19A7FCB8004BC6B1 /* Products */ = {
			isa = PBXGroup;
			children = (
				476EA96E19A7FCB8004BC6B1 /* CSSAMon.app */,
			);
			name = Products;
			sourceTree = "<group>";
		};
		476EA97019A7FCB8004BC6B1 /* Frameworks */ = {
			isa = PBXGroup;
			children = (
				AA20802C19F2649A00AD7FFD /* MapKit.framework */,
				476EA9C019A7FDDE004BC6B1 /* CoreText.framework */,
				476EA9BE19A7FDD1004BC6B1 /* SystemConfiguration.framework */,
				476EA9BC19A7FDCB004BC6B1 /* QuartzCore.framework */,
				476EA9BA19A7FDC6004BC6B1 /* OpenGLES.framework */,
				476EA9B819A7FDBF004BC6B1 /* libz.dylib */,
				476EA9B619A7FDBB004BC6B1 /* libicucore.dylib */,
				476EA9B419A7FDB2004BC6B1 /* libc++.dylib */,
				476EA9B219A7FDA8004BC6B1 /* ImageIO.framework */,
				476EA9B019A7FDA1004BC6B1 /* GLKit.framework */,
				476EA9AE19A7FD9C004BC6B1 /* CoreLocation.framework */,
				476EA9AC19A7FD97004BC6B1 /* CoreData.framework */,
				476EA9AA19A7FD91004BC6B1 /* AVFoundation.framework */,
				476EA9A819A7FD50004BC6B1 /* GoogleMaps.bundle */,
				476EA9A619A7FD25004BC6B1 /* GoogleMaps.framework */,
				476EA97119A7FCB8004BC6B1 /* Foundation.framework */,
				476EA97319A7FCB8004BC6B1 /* CoreGraphics.framework */,
				476EA97519A7FCB8004BC6B1 /* UIKit.framework */,
				476EA99019A7FCB9004BC6B1 /* XCTest.framework */,
			);
			name = Frameworks;
			sourceTree = "<group>";
		};
		476EA97719A7FCB8004BC6B1 /* com.ucsdcssa.sh */ = {
			isa = PBXGroup;
			children = (
				476EA98019A7FCB8004BC6B1 /* SHAppDelegate.h */,
				476EA98119A7FCB8004BC6B1 /* SHAppDelegate.m */,
				476EA98319A7FCB8004BC6B1 /* Main.storyboard */,
				476EA98919A7FCB8004BC6B1 /* Images.xcassets */,
				476EA97819A7FCB8004BC6B1 /* Supporting Files */,
			);
			name = com.ucsdcssa.sh;
			path = "Scavenger Hunt";
			sourceTree = "<group>";
		};
		476EA97819A7FCB8004BC6B1 /* Supporting Files */ = {
			isa = PBXGroup;
			children = (
				523A28CF19F36BB30094999E /* lthj.TTF */,
				476EA97919A7FCB8004BC6B1 /* CSSAMon-Info.plist */,
				476EA97A19A7FCB8004BC6B1 /* InfoPlist.strings */,
				476EA97D19A7FCB8004BC6B1 /* main.m */,
				476EA97F19A7FCB8004BC6B1 /* CSSAMon-Prefix.pch */,
			);
			name = "Supporting Files";
			sourceTree = "<group>";
		};
		47F1523619A9512D006FCEDD /* src */ = {
			isa = PBXGroup;
			children = (
				AA6EA25419F4948800208893 /* origami-7.png */,
				AA6EA25219F493A300208893 /* pin-map-7.png */,
				AA6EA25019F4929300208893 /* crown-7.png */,
				AA6EA24E19F4821600208893 /* Icon13 .png */,
				AA6EA24C19F481FE00208893 /* splash screen.png */,
				AAF65FF619F3887100C9D6EB /* icon_v4.png */,
				AA20373719F3802B0076BEF3 /* icon_v3.png */,
				AA20373519F376880076BEF3 /* map_pin_v3.png */,
				AA20373119F36E150076BEF3 /* Icon_v2.png */,
				AA34240219F330D90075A3DF /* map_pin_v2.png */,
				520722641A17DE3F004BC133 /* background2.png */,
				520722651A17DE3F004BC133 /* edit.png */,
				520722661A17DE3F004BC133 /* logout.png */,
				AA34240019F32DB60075A3DF /* map_avatar.png */,
				5282C85819F4798B00301F20 /* background.png */,
				AA20803319F26F1100AD7FFD /* rsz_icon1.png */,
				47F1524919B3B37E006FCEDD /* JobHunter_Career_center.png */,
				47F1524719A9534D006FCEDD /* UC_Sea_ovt.png */,
				47F1523719A95145006FCEDD /* Xueba_help_me_AS_Notes.png */,
				47F1523819A95145006FCEDD /* Sun_god_hug.png */,
				47F1523919A95145006FCEDD /* Stone_bear.png */,
				47F1523A19A95145006FCEDD /* Home_for_4_years_Geisel.png */,
				47F1523B19A95145006FCEDD /* Fallen_Star.png */,
				47F1523C19A95145006FCEDD /* Big_red_chair.png */,
				47F1523D19A95145006FCEDD /* Before_you_die.png */,
				47F1523E19A95145006FCEDD /* A_bite_of_Mexico_Goodies.png */,
				523A28D819F388950094999E /* Poster_halloween.png */,
				523A28DF19F38CE80094999E /* Poster_halloween_v2.png */,
				5282C85C19F49F6D00301F20 /* Poster_scavengerhuntcs2.png */,
				523A28DB19F38AA50094999E /* login_avatar_v2.png */,
			);
			name = src;
			sourceTree = "<group>";
		};
		5B73DB141A17EB12000834A9 /* WYPopoverController */ = {
			isa = PBXGroup;
			children = (
				5B73DB151A17EB12000834A9 /* WYPopoverController.h */,
				5B73DB161A17EB12000834A9 /* WYPopoverController.m */,
				5B73DB171A17EB12000834A9 /* WYStoryboardPopoverSegue.h */,
				5B73DB181A17EB12000834A9 /* WYStoryboardPopoverSegue.m */,
			);
			path = WYPopoverController;
			sourceTree = "<group>";
		};
/* End PBXGroup section */

/* Begin PBXNativeTarget section */
		476EA96D19A7FCB8004BC6B1 /* CSSAMon */ = {
			isa = PBXNativeTarget;
			buildConfigurationList = 476EA9A019A7FCB9004BC6B1 /* Build configuration list for PBXNativeTarget "CSSAMon" */;
			buildPhases = (
				476EA96A19A7FCB8004BC6B1 /* Sources */,
				476EA96B19A7FCB8004BC6B1 /* Frameworks */,
				476EA96C19A7FCB8004BC6B1 /* Resources */,
			);
			buildRules = (
			);
			dependencies = (
			);
			name = CSSAMon;
			productName = "Scavenger Hunt";
			productReference = 476EA96E19A7FCB8004BC6B1 /* CSSAMon.app */;
			productType = "com.apple.product-type.application";
		};
/* End PBXNativeTarget section */

/* Begin PBXProject section */
		476EA96619A7FCB8004BC6B1 /* Project object */ = {
			isa = PBXProject;
			attributes = {
				CLASSPREFIX = SH;
				LastUpgradeCheck = 0510;
				ORGANIZATIONNAME = "Ruiqing Qiu";
				TargetAttributes = {
					476EA96D19A7FCB8004BC6B1 = {
						DevelopmentTeam = 87JW9TVDXS;
					};
				};
			};
			buildConfigurationList = 476EA96919A7FCB8004BC6B1 /* Build configuration list for PBXProject "CSSAMon" */;
			compatibilityVersion = "Xcode 3.2";
			developmentRegion = English;
			hasScannedForEncodings = 0;
			knownRegions = (
				en,
				Base,
			);
			mainGroup = 476EA96519A7FCB8004BC6B1;
			productRefGroup = 476EA96F19A7FCB8004BC6B1 /* Products */;
			projectDirPath = "";
			projectRoot = "";
			targets = (
				476EA96D19A7FCB8004BC6B1 /* CSSAMon */,
			);
		};
/* End PBXProject section */

/* Begin PBXResourcesBuildPhase section */
		476EA96C19A7FCB8004BC6B1 /* Resources */ = {
			isa = PBXResourcesBuildPhase;
			buildActionMask = 2147483647;
			files = (
				47F1524419A95145006FCEDD /* Big_red_chair.png in Resources */,
				5282C85919F4798B00301F20 /* background.png in Resources */,
				470069F019A90A2D0092604F /* SHMapViewController.xib in Resources */,
				AA20373619F376880076BEF3 /* map_pin_v3.png in Resources */,
				476EA98A19A7FCB8004BC6B1 /* Images.xcassets in Resources */,
				476EA97C19A7FCB8004BC6B1 /* InfoPlist.strings in Resources */,
				47F1524019A95145006FCEDD /* Sun_god_hug.png in Resources */,
				AA34240319F330D90075A3DF /* map_pin_v2.png in Resources */,
				47F1524219A95145006FCEDD /* Home_for_4_years_Geisel.png in Resources */,
				520722691A17DE3F004BC133 /* logout.png in Resources */,
				AA20803419F26F1100AD7FFD /* rsz_icon1.png in Resources */,
				47F1524619A95145006FCEDD /* A_bite_of_Mexico_Goodies.png in Resources */,
				5282C85D19F49F6D00301F20 /* Poster_scavengerhuntcs2.png in Resources */,
				AA6EA24F19F4821600208893 /* Icon13 .png in Resources */,
				523A28DA19F388950094999E /* Poster_halloween.png in Resources */,
				47F1524119A95145006FCEDD /* Stone_bear.png in Resources */,
				AA6EA25319F493A300208893 /* pin-map-7.png in Resources */,
				47F1524A19B3B37E006FCEDD /* JobHunter_Career_center.png in Resources */,
				523789EA19F331F600391CC3 /* background.png in Resources */,
				523A28D019F36DA00094999E /* lthj.TTF in Resources */,
				47F1524519A95145006FCEDD /* Before_you_die.png in Resources */,
				520722681A17DE3F004BC133 /* edit.png in Resources */,
				523A28E019F38CE80094999E /* Poster_halloween_v2.png in Resources */,
				47F1524319A95145006FCEDD /* Fallen_Star.png in Resources */,
				AA20373819F3802B0076BEF3 /* icon_v3.png in Resources */,
				AA34240119F32DB60075A3DF /* map_avatar.png in Resources */,
				AAF65FF719F3887100C9D6EB /* icon_v4.png in Resources */,
				47F1524819A9534D006FCEDD /* UC_Sea_ovt.png in Resources */,
				523789E919F331F600391CC3 /* login_avatar.png in Resources */,
				AA6EA25119F4929300208893 /* crown-7.png in Resources */,
				520722671A17DE3F004BC133 /* background2.png in Resources */,
				47F1523F19A95145006FCEDD /* Xueba_help_me_AS_Notes.png in Resources */,
				AA6EA25519F4948800208893 /* origami-7.png in Resources */,
				476EA98519A7FCB8004BC6B1 /* Main.storyboard in Resources */,
				AA20373219F36E150076BEF3 /* Icon_v2.png in Resources */,
				AA6EA24D19F481FE00208893 /* splash screen.png in Resources */,
				476EA9A919A7FD50004BC6B1 /* GoogleMaps.bundle in Resources */,
				523A28DC19F38AA50094999E /* login_avatar_v2.png in Resources */,
			);
			runOnlyForDeploymentPostprocessing = 0;
		};
/* End PBXResourcesBuildPhase section */

/* Begin PBXSourcesBuildPhase section */
		476EA96A19A7FCB8004BC6B1 /* Sources */ = {
			isa = PBXSourcesBuildPhase;
			buildActionMask = 2147483647;
			files = (
				47F1523519A944E4006FCEDD /* BadgeManager.m in Sources */,
				470069EF19A90A2D0092604F /* SHMapViewController.m in Sources */,
				5B73DB1A1A17EB12000834A9 /* WYStoryboardPopoverSegue.m in Sources */,
				523BBDB019EB1428006FABC8 /* RegisterViewController.m in Sources */,
				AA20802F19F2653100AD7FFD /* Annotation.m in Sources */,
				47F1523219A93F5C006FCEDD /* Badge.m in Sources */,
				AA20802B19F2646100AD7FFD /* MapViewController.m in Sources */,
				5B73DB191A17EB12000834A9 /* WYPopoverController.m in Sources */,
				84D76CE319EEE6DC0043945F /* ProfileViewController.m in Sources */,
				523A28D619F374840094999E /* EventViewController.m in Sources */,
				476EA97E19A7FCB8004BC6B1 /* main.m in Sources */,
				476EA98219A7FCB8004BC6B1 /* SHAppDelegate.m in Sources */,
			);
			runOnlyForDeploymentPostprocessing = 0;
		};
/* End PBXSourcesBuildPhase section */

/* Begin PBXVariantGroup section */
		476EA97A19A7FCB8004BC6B1 /* InfoPlist.strings */ = {
			isa = PBXVariantGroup;
			children = (
				476EA97B19A7FCB8004BC6B1 /* en */,
			);
			name = InfoPlist.strings;
			sourceTree = "<group>";
		};
		476EA98319A7FCB8004BC6B1 /* Main.storyboard */ = {
			isa = PBXVariantGroup;
			children = (
				476EA98419A7FCB8004BC6B1 /* Base */,
			);
			name = Main.storyboard;
			sourceTree = "<group>";
		};
/* End PBXVariantGroup section */

/* Begin XCBuildConfiguration section */
		476EA99E19A7FCB9004BC6B1 /* Debug */ = {
			isa = XCBuildConfiguration;
			buildSettings = {
				ALWAYS_SEARCH_USER_PATHS = NO;
				CLANG_CXX_LANGUAGE_STANDARD = "gnu++0x";
				CLANG_CXX_LIBRARY = "libc++";
				CLANG_ENABLE_MODULES = YES;
				CLANG_ENABLE_OBJC_ARC = YES;
				CLANG_WARN_BOOL_CONVERSION = YES;
				CLANG_WARN_CONSTANT_CONVERSION = YES;
				CLANG_WARN_DIRECT_OBJC_ISA_USAGE = YES_ERROR;
				CLANG_WARN_EMPTY_BODY = YES;
				CLANG_WARN_ENUM_CONVERSION = YES;
				CLANG_WARN_INT_CONVERSION = YES;
				CLANG_WARN_OBJC_ROOT_CLASS = YES_ERROR;
				CLANG_WARN__DUPLICATE_METHOD_MATCH = YES;
				"CODE_SIGN_IDENTITY[sdk=iphoneos*]" = "iPhone Developer";
				COPY_PHASE_STRIP = NO;
				GCC_C_LANGUAGE_STANDARD = gnu99;
				GCC_DYNAMIC_NO_PIC = NO;
				GCC_OPTIMIZATION_LEVEL = 0;
				GCC_PREPROCESSOR_DEFINITIONS = (
					"DEBUG=1",
					"$(inherited)",
				);
				GCC_SYMBOLS_PRIVATE_EXTERN = NO;
				GCC_WARN_64_TO_32_BIT_CONVERSION = YES;
				GCC_WARN_ABOUT_RETURN_TYPE = YES_ERROR;
				GCC_WARN_UNDECLARED_SELECTOR = YES;
				GCC_WARN_UNINITIALIZED_AUTOS = YES_AGGRESSIVE;
				GCC_WARN_UNUSED_FUNCTION = YES;
				GCC_WARN_UNUSED_VARIABLE = YES;
				IPHONEOS_DEPLOYMENT_TARGET = 7.1;
				ONLY_ACTIVE_ARCH = YES;
				SDKROOT = iphoneos;
			};
			name = Debug;
		};
		476EA99F19A7FCB9004BC6B1 /* Release */ = {
			isa = XCBuildConfiguration;
			buildSettings = {
				ALWAYS_SEARCH_USER_PATHS = NO;
				CLANG_CXX_LANGUAGE_STANDARD = "gnu++0x";
				CLANG_CXX_LIBRARY = "libc++";
				CLANG_ENABLE_MODULES = YES;
				CLANG_ENABLE_OBJC_ARC = YES;
				CLANG_WARN_BOOL_CONVERSION = YES;
				CLANG_WARN_CONSTANT_CONVERSION = YES;
				CLANG_WARN_DIRECT_OBJC_ISA_USAGE = YES_ERROR;
				CLANG_WARN_EMPTY_BODY = YES;
				CLANG_WARN_ENUM_CONVERSION = YES;
				CLANG_WARN_INT_CONVERSION = YES;
				CLANG_WARN_OBJC_ROOT_CLASS = YES_ERROR;
				CLANG_WARN__DUPLICATE_METHOD_MATCH = YES;
				"CODE_SIGN_IDENTITY[sdk=iphoneos*]" = "iPhone Developer";
				COPY_PHASE_STRIP = YES;
				ENABLE_NS_ASSERTIONS = NO;
				GCC_C_LANGUAGE_STANDARD = gnu99;
				GCC_WARN_64_TO_32_BIT_CONVERSION = YES;
				GCC_WARN_ABOUT_RETURN_TYPE = YES_ERROR;
				GCC_WARN_UNDECLARED_SELECTOR = YES;
				GCC_WARN_UNINITIALIZED_AUTOS = YES_AGGRESSIVE;
				GCC_WARN_UNUSED_FUNCTION = YES;
				GCC_WARN_UNUSED_VARIABLE = YES;
				IPHONEOS_DEPLOYMENT_TARGET = 7.1;
				SDKROOT = iphoneos;
				VALIDATE_PRODUCT = YES;
			};
			name = Release;
		};
		476EA9A119A7FCB9004BC6B1 /* Debug */ = {
			isa = XCBuildConfiguration;
			buildSettings = {
				ASSETCATALOG_COMPILER_APPICON_NAME = AppIcon;
				ASSETCATALOG_COMPILER_LAUNCHIMAGE_NAME = LaunchImage;
				CODE_SIGN_IDENTITY = "iPhone Developer";
				"CODE_SIGN_IDENTITY[sdk=iphoneos*]" = "iPhone Developer";
				FRAMEWORK_SEARCH_PATHS = (
					"$(inherited)",
					"$(PROJECT_DIR)",
				);
				GCC_PRECOMPILE_PREFIX_HEADER = YES;
				GCC_PREFIX_HEADER = "Scavenger Hunt/CSSAMon-Prefix.pch";
				INFOPLIST_FILE = "Scavenger Hunt/CSSAMon-Info.plist";
				"OTHER_LDFLAGS[arch=*]" = "-ObjC";
				PRODUCT_NAME = CSSAMon;
				PROVISIONING_PROFILE = "";
				WRAPPER_EXTENSION = app;
			};
			name = Debug;
		};
		476EA9A219A7FCB9004BC6B1 /* Release */ = {
			isa = XCBuildConfiguration;
			buildSettings = {
				ASSETCATALOG_COMPILER_APPICON_NAME = AppIcon;
				ASSETCATALOG_COMPILER_LAUNCHIMAGE_NAME = LaunchImage;
				CODE_SIGN_IDENTITY = "iPhone Developer";
				"CODE_SIGN_IDENTITY[sdk=iphoneos*]" = "iPhone Developer";
				FRAMEWORK_SEARCH_PATHS = (
					"$(inherited)",
					"$(PROJECT_DIR)",
				);
				GCC_PRECOMPILE_PREFIX_HEADER = YES;
				GCC_PREFIX_HEADER = "Scavenger Hunt/CSSAMon-Prefix.pch";
				INFOPLIST_FILE = "Scavenger Hunt/CSSAMon-Info.plist";
				"OTHER_LDFLAGS[arch=*]" = "-ObjC";
				PRODUCT_NAME = CSSAMon;
				PROVISIONING_PROFILE = "";
				WRAPPER_EXTENSION = app;
			};
			name = Release;
		};
/* End XCBuildConfiguration section */

/* Begin XCConfigurationList section */
		476EA96919A7FCB8004BC6B1 /* Build configuration list for PBXProject "CSSAMon" */ = {
			isa = XCConfigurationList;
			buildConfigurations = (
				476EA99E19A7FCB9004BC6B1 /* Debug */,
				476EA99F19A7FCB9004BC6B1 /* Release */,
			);
			defaultConfigurationIsVisible = 0;
			defaultConfigurationName = Release;
		};
		476EA9A019A7FCB9004BC6B1 /* Build configuration list for PBXNativeTarget "CSSAMon" */ = {
			isa = XCConfigurationList;
			buildConfigurations = (
				476EA9A119A7FCB9004BC6B1 /* Debug */,
				476EA9A219A7FCB9004BC6B1 /* Release */,
			);
			defaultConfigurationIsVisible = 0;
			defaultConfigurationName = Release;
		};
/* End XCConfigurationList section */
	};
	rootObject = 476EA96619A7FCB8004BC6B1 /* Project object */;
}
